// !$*UTF8*$!
{
	archiveVersion = 1;
	classes = {
	};
	objectVersion = 46;
	objects = {

/* Begin PBXBuildFile section */
		087EE7A11E1C26E500093E0E /* Observatory.framework in Frameworks */ = {isa = PBXBuildFile; fileRef = E6D7642A1CDDBA100071CCB0 /* Observatory.framework */; };
		17FD01F0C5CDC9AB876B713D /* Utility.Block.swift in Sources */ = {isa = PBXBuildFile; fileRef = 17FD0B1EA563BA18A0FF1A1E /* Utility.Block.swift */; };
		17FD02AF5E5BB3924165E7F5 /* Observatory.h in Headers */ = {isa = PBXBuildFile; fileRef = 17FD0C595B95409A07A95D6C /* Observatory.h */; settings = {ATTRIBUTES = (Public, ); }; };
		17FD09333DDFBDB565AE71D6 /* Test.Observer.Notification.swift in Sources */ = {isa = PBXBuildFile; fileRef = 17FD0FB52C88D5670C574EAD /* Test.Observer.Notification.swift */; };
		17FD0B85FEC16B87116CF4A8 /* Test.Observer.Event.swift in Sources */ = {isa = PBXBuildFile; fileRef = 17FD08630B9F202D77AAFA51 /* Test.Observer.Event.swift */; };
		17FD0D9F8177D2BE0BA4276D /* Observer.swift in Sources */ = {isa = PBXBuildFile; fileRef = 17FD00047290331A81F60B66 /* Observer.swift */; };
		17FD0DEE9D2505414F44AF89 /* Test.Utility.Block.swift in Sources */ = {isa = PBXBuildFile; fileRef = 17FD0AA941C722BB20EED3A3 /* Test.Utility.Block.swift */; };
		691406A7FA5E743E6D355085 /* Observer.Event.swift in Sources */ = {isa = PBXBuildFile; fileRef = 695AFB416AF0439638564057 /* Observer.Event.swift */; };
		69278DAE5DF6878C3D17C9B7 /* Observer.Hotkey.Recorder.Protocol.swift in Sources */ = {isa = PBXBuildFile; fileRef = 696A0BCA9CBCE8BB5919FB26 /* Observer.Hotkey.Recorder.Protocol.swift */; };
		692A798F43BAD5A83C172C18 /* Observer.Notification.swift in Sources */ = {isa = PBXBuildFile; fileRef = 69B3F997388A2645D8C2D0B2 /* Observer.Notification.swift */; };
		693FF17545F4335ED9AC31D8 /* Observer.Notification.HandlerDefinition.swift in Sources */ = {isa = PBXBuildFile; fileRef = 695DF646AEDFDC84B4C56D91 /* Observer.Notification.HandlerDefinition.swift */; };
		6944BD1A9C58D937FAFA277A /* Test.Observer.Hotkey.swift in Sources */ = {isa = PBXBuildFile; fileRef = 6913548B96119D429F0C99EF /* Test.Observer.Hotkey.swift */; };
		69463BC3FE78DFDFF7E4811D /* Entrypoint.Hotkey.swift in Sources */ = {isa = PBXBuildFile; fileRef = 69075FE79F68E0841F0C4F3F /* Entrypoint.Hotkey.swift */; };
		6948DEFF8C292066D8801689 /* Observer.Hotkey.HandlerDefinition.swift in Sources */ = {isa = PBXBuildFile; fileRef = 696C2D8AB42589661E0DC10D /* Observer.Hotkey.HandlerDefinition.swift */; };
		6950EBB8A94621047F0D42D7 /* Foundation.Weak.swift in Sources */ = {isa = PBXBuildFile; fileRef = 69B2A3931B295B52AE119D1C /* Foundation.Weak.swift */; };
		695A02AC8AE48193A0337C20 /* Extension.Carbon.swift in Sources */ = {isa = PBXBuildFile; fileRef = 69E201FF597397654B4DD260 /* Extension.Carbon.swift */; };
		695E17A9473E8AE54801B65F /* Observer.Hotkey.Center.swift in Sources */ = {isa = PBXBuildFile; fileRef = 69BBE5DDA9018F423BA0EFF7 /* Observer.Hotkey.Center.swift */; };
		695FF209EE4580CAB7B1C9BC /* Observer.Hotkey.swift in Sources */ = {isa = PBXBuildFile; fileRef = 696A7EB556F2791741F92DE2 /* Observer.Hotkey.swift */; };
		696D3A557EB588B0DF1D4A12 /* hotkey.storyboard in Resources */ = {isa = PBXBuildFile; fileRef = 69895A4A6E8AD3526544EA4E /* hotkey.storyboard */; };
		697761271895402059498DAC /* Observer.Hotkey.HandlerDefinition.Factory.swift in Sources */ = {isa = PBXBuildFile; fileRef = 692A68A7E172C8358C84D97C /* Observer.Hotkey.HandlerDefinition.Factory.swift */; };
		69867A0A91B27CAC21F1671E /* Observer.Event.HandlerDefinition.swift in Sources */ = {isa = PBXBuildFile; fileRef = 69470962620FF547E76616CE /* Observer.Event.HandlerDefinition.swift */; };
		698F6783628A36723D11D9C7 /* Observer.Hotkey.Recorder.Button.swift in Sources */ = {isa = PBXBuildFile; fileRef = 690846470A79592866B262DD /* Observer.Hotkey.Recorder.Button.swift */; };
		699E980FBC6FA145482C74DF /* Observer.Notification.Handler.swift in Sources */ = {isa = PBXBuildFile; fileRef = 69254F6F79273CD9E99E7841 /* Observer.Notification.Handler.swift */; };
		69A6BC05F61D96900EAAD5DA /* Observer.Handler.swift in Sources */ = {isa = PBXBuildFile; fileRef = 69E0D8F18036BFA1A3BCEFC2 /* Observer.Handler.swift */; };
		69AA70DB746B33D42CFE0A7B /* Observer.Event.Handler.swift in Sources */ = {isa = PBXBuildFile; fileRef = 69E15852F13756EC20445E2A /* Observer.Event.Handler.swift */; };
		69AB467ABC16748E0936AB58 /* Observer.HandlerDefinition.swift in Sources */ = {isa = PBXBuildFile; fileRef = 6942C9E9427EDEACDF0BC0A4 /* Observer.HandlerDefinition.swift */; };
		69B6923163F303A78F99ACDA /* Observer.Notification.HandlerDefinition.Factory.swift in Sources */ = {isa = PBXBuildFile; fileRef = 69F7CB1685C91617071B3A44 /* Observer.Notification.HandlerDefinition.Factory.swift */; };
		69D75B07331D950C156C8B69 /* Test.Keyboard.Key.swift in Sources */ = {isa = PBXBuildFile; fileRef = 6930CDFE4CA3FA4B49FEDC5C /* Test.Keyboard.Key.swift */; };
		69D7F2BE3034A96729AA0949 /* Keyboard.Modifier.swift in Sources */ = {isa = PBXBuildFile; fileRef = 69B6E3849F1A78D910CDA2F7 /* Keyboard.Modifier.swift */; };
		69EBE204779A71AC666F4364 /* Observer.Event.HandlerDefinition.Factory.swift in Sources */ = {isa = PBXBuildFile; fileRef = 6939BF2B84BEA59EDEC4361B /* Observer.Event.HandlerDefinition.Factory.swift */; };
		69EECB57AAC934D69E4DEE8B /* Keyboard.Hotkey.swift in Sources */ = {isa = PBXBuildFile; fileRef = 694A2B4EB9AA38CE994312C9 /* Keyboard.Hotkey.swift */; };
		69F0DD3C8FEE48FD092C33EC /* Observer.Hotkey.Handler.swift in Sources */ = {isa = PBXBuildFile; fileRef = 69F5760B7CD1564EE1F1442B /* Observer.Hotkey.Handler.swift */; };
		69F1ADAA0E683F41DB80A1CB /* Keyboard.Key.swift in Sources */ = {isa = PBXBuildFile; fileRef = 69FA6B1FE3D1A14CD0AF3FF5 /* Keyboard.Key.swift */; };
		E69200F81CDDE19200C4FEAD /* Observatory.framework in Frameworks */ = {isa = PBXBuildFile; fileRef = E6D7642A1CDDBA100071CCB0 /* Observatory.framework */; };
		E69200FE1CDDE73200C4FEAD /* Nimble.framework in Frameworks */ = {isa = PBXBuildFile; fileRef = 17FD067B10D4AE9721BC1CFD /* Nimble.framework */; };
		E69200FF1CDDE73200C4FEAD /* Quick.framework in Frameworks */ = {isa = PBXBuildFile; fileRef = 17FD0C2A7528C09C26213A9F /* Quick.framework */; };
		E69201031CDDEA8000C4FEAD /* Nimble.framework in CopyFiles */ = {isa = PBXBuildFile; fileRef = 17FD067B10D4AE9721BC1CFD /* Nimble.framework */; settings = {ATTRIBUTES = (CodeSignOnCopy, RemoveHeadersOnCopy, ); }; };
		E69201041CDDEA8000C4FEAD /* Quick.framework in CopyFiles */ = {isa = PBXBuildFile; fileRef = 17FD0C2A7528C09C26213A9F /* Quick.framework */; settings = {ATTRIBUTES = (CodeSignOnCopy, RemoveHeadersOnCopy, ); }; };
/* End PBXBuildFile section */

/* Begin PBXContainerItemProxy section */
		087EE7A21E1C26EE00093E0E /* PBXContainerItemProxy */ = {
			isa = PBXContainerItemProxy;
			containerPortal = E6D764211CDDBA100071CCB0 /* Project object */;
			proxyType = 1;
			remoteGlobalIDString = E6D764291CDDBA100071CCB0;
			remoteInfo = Observatory;
		};
		E69200F91CDDE19200C4FEAD /* PBXContainerItemProxy */ = {
			isa = PBXContainerItemProxy;
			containerPortal = E6D764211CDDBA100071CCB0 /* Project object */;
			proxyType = 1;
			remoteGlobalIDString = E6D764291CDDBA100071CCB0;
			remoteInfo = Observatory;
		};
/* End PBXContainerItemProxy section */

/* Begin PBXCopyFilesBuildPhase section */
		E69201021CDDEA7B00C4FEAD /* CopyFiles */ = {
			isa = PBXCopyFilesBuildPhase;
			buildActionMask = 2147483647;
			dstPath = "";
			dstSubfolderSpec = 10;
			files = (
				E69201031CDDEA8000C4FEAD /* Nimble.framework in CopyFiles */,
				E69201041CDDEA8000C4FEAD /* Quick.framework in CopyFiles */,
			);
			runOnlyForDeploymentPostprocessing = 0;
		};
/* End PBXCopyFilesBuildPhase section */

/* Begin PBXFileReference section */
		087EE7921E1C1FF500093E0E /* Hotkey.app */ = {isa = PBXFileReference; explicitFileType = wrapper.application; includeInIndex = 0; path = Hotkey.app; sourceTree = BUILT_PRODUCTS_DIR; };
		17FD00047290331A81F60B66 /* Observer.swift */ = {isa = PBXFileReference; fileEncoding = 4; lastKnownFileType = sourcecode.swift; path = Observer.swift; sourceTree = "<group>"; };
		17FD067B10D4AE9721BC1CFD /* Nimble.framework */ = {isa = PBXFileReference; lastKnownFileType = wrapper.framework; path = Nimble.framework; sourceTree = "<group>"; };
		17FD08630B9F202D77AAFA51 /* Test.Observer.Event.swift */ = {isa = PBXFileReference; fileEncoding = 4; lastKnownFileType = sourcecode.swift; path = Test.Observer.Event.swift; sourceTree = "<group>"; };
		17FD09DEC21D8E672877A6C0 /* Cartfile.private */ = {isa = PBXFileReference; lastKnownFileType = file.private; path = Cartfile.private; sourceTree = "<group>"; };
		17FD0AA941C722BB20EED3A3 /* Test.Utility.Block.swift */ = {isa = PBXFileReference; fileEncoding = 4; lastKnownFileType = sourcecode.swift; path = Test.Utility.Block.swift; sourceTree = "<group>"; };
		17FD0B1EA563BA18A0FF1A1E /* Utility.Block.swift */ = {isa = PBXFileReference; fileEncoding = 4; lastKnownFileType = sourcecode.swift; path = Utility.Block.swift; sourceTree = "<group>"; };
		17FD0C2A7528C09C26213A9F /* Quick.framework */ = {isa = PBXFileReference; lastKnownFileType = wrapper.framework; path = Quick.framework; sourceTree = "<group>"; };
		17FD0C595B95409A07A95D6C /* Observatory.h */ = {isa = PBXFileReference; fileEncoding = 4; lastKnownFileType = sourcecode.c.h; path = Observatory.h; sourceTree = "<group>"; };
		17FD0FB52C88D5670C574EAD /* Test.Observer.Notification.swift */ = {isa = PBXFileReference; fileEncoding = 4; lastKnownFileType = sourcecode.swift; path = Test.Observer.Notification.swift; sourceTree = "<group>"; };
		69075FE79F68E0841F0C4F3F /* Entrypoint.Hotkey.swift */ = {isa = PBXFileReference; fileEncoding = 4; lastKnownFileType = sourcecode.swift; path = Entrypoint.Hotkey.swift; sourceTree = "<group>"; };
		690846470A79592866B262DD /* Observer.Hotkey.Recorder.Button.swift */ = {isa = PBXFileReference; fileEncoding = 4; lastKnownFileType = sourcecode.swift; path = Observer.Hotkey.Recorder.Button.swift; sourceTree = "<group>"; };
		6913548B96119D429F0C99EF /* Test.Observer.Hotkey.swift */ = {isa = PBXFileReference; fileEncoding = 4; lastKnownFileType = sourcecode.swift; path = Test.Observer.Hotkey.swift; sourceTree = "<group>"; };
		691492DAECCDA8F37886F020 /* Observatory.plist */ = {isa = PBXFileReference; fileEncoding = 4; lastKnownFileType = text.plist; path = Observatory.plist; sourceTree = "<group>"; };
		69254F6F79273CD9E99E7841 /* Observer.Notification.Handler.swift */ = {isa = PBXFileReference; fileEncoding = 4; lastKnownFileType = sourcecode.swift; path = Observer.Notification.Handler.swift; sourceTree = "<group>"; };
		692A68A7E172C8358C84D97C /* Observer.Hotkey.HandlerDefinition.Factory.swift */ = {isa = PBXFileReference; fileEncoding = 4; lastKnownFileType = sourcecode.swift; path = Observer.Hotkey.HandlerDefinition.Factory.swift; sourceTree = "<group>"; };
		692C0EE3AC3E3172836E1B96 /* Hotkey.plist */ = {isa = PBXFileReference; fileEncoding = 4; lastKnownFileType = text.plist; path = Hotkey.plist; sourceTree = "<group>"; };
		6930CDFE4CA3FA4B49FEDC5C /* Test.Keyboard.Key.swift */ = {isa = PBXFileReference; fileEncoding = 4; lastKnownFileType = sourcecode.swift; path = Test.Keyboard.Key.swift; sourceTree = "<group>"; };
		6939BF2B84BEA59EDEC4361B /* Observer.Event.HandlerDefinition.Factory.swift */ = {isa = PBXFileReference; fileEncoding = 4; lastKnownFileType = sourcecode.swift; path = Observer.Event.HandlerDefinition.Factory.swift; sourceTree = "<group>"; };
		6942C9E9427EDEACDF0BC0A4 /* Observer.HandlerDefinition.swift */ = {isa = PBXFileReference; lastKnownFileType = file.HandlerDefinition; path = Observer.HandlerDefinition.swift; sourceTree = "<group>"; };
		69470962620FF547E76616CE /* Observer.Event.HandlerDefinition.swift */ = {isa = PBXFileReference; fileEncoding = 4; lastKnownFileType = sourcecode.swift; path = Observer.Event.HandlerDefinition.swift; sourceTree = "<group>"; };
		6949810C46B669082CB49E6A /* Base */ = {isa = PBXFileReference; lastKnownFileType = file.storyboard; name = Base; path = Hotkey/Base.lproj/hotkey.storyboard; sourceTree = SOURCE_ROOT; };
		694A2B4EB9AA38CE994312C9 /* Keyboard.Hotkey.swift */ = {isa = PBXFileReference; fileEncoding = 4; lastKnownFileType = sourcecode.swift; path = Keyboard.Hotkey.swift; sourceTree = "<group>"; };
		695AFB416AF0439638564057 /* Observer.Event.swift */ = {isa = PBXFileReference; fileEncoding = 4; lastKnownFileType = sourcecode.swift; path = Observer.Event.swift; sourceTree = "<group>"; };
		695DF646AEDFDC84B4C56D91 /* Observer.Notification.HandlerDefinition.swift */ = {isa = PBXFileReference; fileEncoding = 4; lastKnownFileType = sourcecode.swift; path = Observer.Notification.HandlerDefinition.swift; sourceTree = "<group>"; };
		696A0BCA9CBCE8BB5919FB26 /* Observer.Hotkey.Recorder.Protocol.swift */ = {isa = PBXFileReference; fileEncoding = 4; lastKnownFileType = sourcecode.swift; path = Observer.Hotkey.Recorder.Protocol.swift; sourceTree = "<group>"; };
		696A7EB556F2791741F92DE2 /* Observer.Hotkey.swift */ = {isa = PBXFileReference; fileEncoding = 4; lastKnownFileType = sourcecode.swift; path = Observer.Hotkey.swift; sourceTree = "<group>"; };
		696C2D8AB42589661E0DC10D /* Observer.Hotkey.HandlerDefinition.swift */ = {isa = PBXFileReference; fileEncoding = 4; lastKnownFileType = sourcecode.swift; path = Observer.Hotkey.HandlerDefinition.swift; sourceTree = "<group>"; };
		697EDBC98FFDECF7FF264F3A /* README.md */ = {isa = PBXFileReference; fileEncoding = 4; lastKnownFileType = net.daringfireball.markdown; path = README.md; sourceTree = "<group>"; };
		69B2A3931B295B52AE119D1C /* Foundation.Weak.swift */ = {isa = PBXFileReference; fileEncoding = 4; lastKnownFileType = sourcecode.swift; path = Foundation.Weak.swift; sourceTree = "<group>"; };
		69B3F997388A2645D8C2D0B2 /* Observer.Notification.swift */ = {isa = PBXFileReference; fileEncoding = 4; lastKnownFileType = sourcecode.swift; path = Observer.Notification.swift; sourceTree = "<group>"; };
		69B6E3849F1A78D910CDA2F7 /* Keyboard.Modifier.swift */ = {isa = PBXFileReference; fileEncoding = 4; lastKnownFileType = sourcecode.swift; path = Keyboard.Modifier.swift; sourceTree = "<group>"; };
		69BBE5DDA9018F423BA0EFF7 /* Observer.Hotkey.Center.swift */ = {isa = PBXFileReference; lastKnownFileType = file.Exception; path = Observer.Hotkey.Center.swift; sourceTree = "<group>"; };
		69D782B1BF1A76BD24B7144E /* Cartfile.resolved */ = {isa = PBXFileReference; lastKnownFileType = file.resolved; path = Cartfile.resolved; sourceTree = "<group>"; };
		69E0D8F18036BFA1A3BCEFC2 /* Observer.Handler.swift */ = {isa = PBXFileReference; fileEncoding = 4; lastKnownFileType = sourcecode.swift; path = Observer.Handler.swift; sourceTree = "<group>"; };
		69E15852F13756EC20445E2A /* Observer.Event.Handler.swift */ = {isa = PBXFileReference; fileEncoding = 4; lastKnownFileType = sourcecode.swift; path = Observer.Event.Handler.swift; sourceTree = "<group>"; };
		69E201FF597397654B4DD260 /* Extension.Carbon.swift */ = {isa = PBXFileReference; fileEncoding = 4; lastKnownFileType = sourcecode.swift; path = Extension.Carbon.swift; sourceTree = "<group>"; };
		69F5760B7CD1564EE1F1442B /* Observer.Hotkey.Handler.swift */ = {isa = PBXFileReference; fileEncoding = 4; lastKnownFileType = sourcecode.swift; path = Observer.Hotkey.Handler.swift; sourceTree = "<group>"; };
		69F7CB1685C91617071B3A44 /* Observer.Notification.HandlerDefinition.Factory.swift */ = {isa = PBXFileReference; fileEncoding = 4; lastKnownFileType = sourcecode.swift; path = Observer.Notification.HandlerDefinition.Factory.swift; sourceTree = "<group>"; };
		69FA6B1FE3D1A14CD0AF3FF5 /* Keyboard.Key.swift */ = {isa = PBXFileReference; fileEncoding = 4; lastKnownFileType = sourcecode.swift; path = Keyboard.Key.swift; sourceTree = "<group>"; };
		E69200F31CDDE19100C4FEAD /* Test.xctest */ = {isa = PBXFileReference; explicitFileType = wrapper.cfbundle; includeInIndex = 0; path = Test.xctest; sourceTree = BUILT_PRODUCTS_DIR; };
		E6D7642A1CDDBA100071CCB0 /* Observatory.framework */ = {isa = PBXFileReference; explicitFileType = wrapper.framework; includeInIndex = 0; path = Observatory.framework; sourceTree = BUILT_PRODUCTS_DIR; };
/* End PBXFileReference section */

/* Begin PBXFrameworksBuildPhase section */
		087EE78F1E1C1FF500093E0E /* Frameworks */ = {
			isa = PBXFrameworksBuildPhase;
			buildActionMask = 2147483647;
			files = (
				087EE7A11E1C26E500093E0E /* Observatory.framework in Frameworks */,
			);
			runOnlyForDeploymentPostprocessing = 0;
		};
		E69200F01CDDE19100C4FEAD /* Frameworks */ = {
			isa = PBXFrameworksBuildPhase;
			buildActionMask = 2147483647;
			files = (
				E69200F81CDDE19200C4FEAD /* Observatory.framework in Frameworks */,
				E69200FE1CDDE73200C4FEAD /* Nimble.framework in Frameworks */,
				E69200FF1CDDE73200C4FEAD /* Quick.framework in Frameworks */,
			);
			runOnlyForDeploymentPostprocessing = 0;
		};
		E6D764261CDDBA100071CCB0 /* Frameworks */ = {
			isa = PBXFrameworksBuildPhase;
			buildActionMask = 2147483647;
			files = (
			);
			runOnlyForDeploymentPostprocessing = 0;
		};
/* End PBXFrameworksBuildPhase section */

/* Begin PBXGroup section */
		17FD001AF8C29A59810DA106 /* Observer */ = {
			isa = PBXGroup;
			children = (
				17FD00047290331A81F60B66 /* Observer.swift */,
				6977A16D7B6133764B466E08 /* Notification */,
				691AEF60DB80C628D185744A /* Event */,
				69A59FF244500EA45A883E55 /* Hotkey */,
				6942C9E9427EDEACDF0BC0A4 /* Observer.HandlerDefinition.swift */,
				69E0D8F18036BFA1A3BCEFC2 /* Observer.Handler.swift */,
			);
			path = Observer;
			sourceTree = "<group>";
		};
		17FD006891151A1C7A52E6DB /* Test */ = {
			isa = PBXGroup;
			children = (
				17FD0DFD88228FD00A5189C7 /* Utility */,
				17FD084D44D28B4C53DE8125 /* Observer */,
				69EAA559BD11344CD8488382 /* Keyboard */,
			);
			path = Test;
			sourceTree = "<group>";
		};
		17FD01352652BD586D0BE699 /* Build */ = {
			isa = PBXGroup;
			children = (
				17FD027981CFA155999244B0 /* Mac */,
			);
			path = Build;
			sourceTree = "<group>";
		};
		17FD027981CFA155999244B0 /* Mac */ = {
			isa = PBXGroup;
			children = (
				17FD067B10D4AE9721BC1CFD /* Nimble.framework */,
				17FD0C2A7528C09C26213A9F /* Quick.framework */,
			);
			path = Mac;
			sourceTree = "<group>";
		};
		17FD030F7F2C5CA3191B2040 /* accessory */ = {
			isa = PBXGroup;
			children = (
				692739BC3F963DB95B757C64 /* info */,
				69FE70738BA9A7D2F71070B9 /* storyboard */,
			);
			path = accessory;
			sourceTree = "<group>";
		};
		17FD0498F691994B815B5FB3 /* dependency */ = {
			isa = PBXGroup;
			children = (
				17FD0EC826051DD6D028906B /* Carthage */,
				17FD09DEC21D8E672877A6C0 /* Cartfile.private */,
				69D782B1BF1A76BD24B7144E /* Cartfile.resolved */,
			);
			path = dependency;
			sourceTree = "<group>";
		};
		17FD084D44D28B4C53DE8125 /* Observer */ = {
			isa = PBXGroup;
			children = (
				17FD0FB52C88D5670C574EAD /* Test.Observer.Notification.swift */,
				17FD08630B9F202D77AAFA51 /* Test.Observer.Event.swift */,
				6913548B96119D429F0C99EF /* Test.Observer.Hotkey.swift */,
			);
			path = Observer;
			sourceTree = "<group>";
		};
		17FD099B5F9E94485A415F2F /* Utility */ = {
			isa = PBXGroup;
			children = (
				17FD0B1EA563BA18A0FF1A1E /* Utility.Block.swift */,
			);
			path = Utility;
			sourceTree = "<group>";
		};
		17FD0BB4EDB0784084E6A631 /* source */ = {
			isa = PBXGroup;
			children = (
				17FD0E6B72E1AB95B6E8E2D3 /* c */,
				17FD0CC370A7A8733DD2B648 /* swift */,
			);
			path = source;
			sourceTree = "<group>";
		};
		17FD0CC370A7A8733DD2B648 /* swift */ = {
			isa = PBXGroup;
			children = (
				17FD001AF8C29A59810DA106 /* Observer */,
				17FD099B5F9E94485A415F2F /* Utility */,
				17FD006891151A1C7A52E6DB /* Test */,
				692EF077C1E4BDE986C066AC /* Extension */,
				69F9A90A0718D95A26454540 /* Keyboard */,
				69EFE5D1754E51DFE6DB6324 /* Entrypoint */,
				69093D907942E6DCF18971AA /* Foundation */,
			);
			path = swift;
			sourceTree = "<group>";
		};
		17FD0DFD88228FD00A5189C7 /* Utility */ = {
			isa = PBXGroup;
			children = (
				17FD0AA941C722BB20EED3A3 /* Test.Utility.Block.swift */,
			);
			path = Utility;
			sourceTree = "<group>";
		};
		17FD0E6B72E1AB95B6E8E2D3 /* c */ = {
			isa = PBXGroup;
			children = (
				17FD0C595B95409A07A95D6C /* Observatory.h */,
			);
			path = c;
			sourceTree = "<group>";
		};
		17FD0EC826051DD6D028906B /* Carthage */ = {
			isa = PBXGroup;
			children = (
				17FD01352652BD586D0BE699 /* Build */,
			);
			path = Carthage;
			sourceTree = "<group>";
		};
		69093D907942E6DCF18971AA /* Foundation */ = {
			isa = PBXGroup;
			children = (
				69B2A3931B295B52AE119D1C /* Foundation.Weak.swift */,
			);
			path = Foundation;
			sourceTree = "<group>";
		};
		691AEF60DB80C628D185744A /* Event */ = {
			isa = PBXGroup;
			children = (
				695AFB416AF0439638564057 /* Observer.Event.swift */,
				69470962620FF547E76616CE /* Observer.Event.HandlerDefinition.swift */,
				6939BF2B84BEA59EDEC4361B /* Observer.Event.HandlerDefinition.Factory.swift */,
				69E15852F13756EC20445E2A /* Observer.Event.Handler.swift */,
			);
			path = Event;
			sourceTree = "<group>";
		};
		692739BC3F963DB95B757C64 /* info */ = {
			isa = PBXGroup;
			children = (
				691492DAECCDA8F37886F020 /* Observatory.plist */,
				692C0EE3AC3E3172836E1B96 /* Hotkey.plist */,
			);
			path = info;
			sourceTree = "<group>";
		};
		692EF077C1E4BDE986C066AC /* Extension */ = {
			isa = PBXGroup;
			children = (
				69E201FF597397654B4DD260 /* Extension.Carbon.swift */,
			);
			path = Extension;
			sourceTree = "<group>";
		};
		6977A16D7B6133764B466E08 /* Notification */ = {
			isa = PBXGroup;
			children = (
				69B3F997388A2645D8C2D0B2 /* Observer.Notification.swift */,
				695DF646AEDFDC84B4C56D91 /* Observer.Notification.HandlerDefinition.swift */,
				69F7CB1685C91617071B3A44 /* Observer.Notification.HandlerDefinition.Factory.swift */,
				69254F6F79273CD9E99E7841 /* Observer.Notification.Handler.swift */,
			);
			path = Notification;
			sourceTree = "<group>";
		};
		69A59FF244500EA45A883E55 /* Hotkey */ = {
			isa = PBXGroup;
			children = (
				696A7EB556F2791741F92DE2 /* Observer.Hotkey.swift */,
				696C2D8AB42589661E0DC10D /* Observer.Hotkey.HandlerDefinition.swift */,
				692A68A7E172C8358C84D97C /* Observer.Hotkey.HandlerDefinition.Factory.swift */,
				69F5760B7CD1564EE1F1442B /* Observer.Hotkey.Handler.swift */,
				690846470A79592866B262DD /* Observer.Hotkey.Recorder.Button.swift */,
				69BBE5DDA9018F423BA0EFF7 /* Observer.Hotkey.Center.swift */,
				696A0BCA9CBCE8BB5919FB26 /* Observer.Hotkey.Recorder.Protocol.swift */,
			);
			path = Hotkey;
			sourceTree = "<group>";
		};
		69EAA559BD11344CD8488382 /* Keyboard */ = {
			isa = PBXGroup;
			children = (
				6930CDFE4CA3FA4B49FEDC5C /* Test.Keyboard.Key.swift */,
			);
			path = Keyboard;
			sourceTree = "<group>";
		};
		69EFE5D1754E51DFE6DB6324 /* Entrypoint */ = {
			isa = PBXGroup;
			children = (
				69075FE79F68E0841F0C4F3F /* Entrypoint.Hotkey.swift */,
			);
			path = Entrypoint;
			sourceTree = "<group>";
		};
		69F9A90A0718D95A26454540 /* Keyboard */ = {
			isa = PBXGroup;
			children = (
				694A2B4EB9AA38CE994312C9 /* Keyboard.Hotkey.swift */,
				69FA6B1FE3D1A14CD0AF3FF5 /* Keyboard.Key.swift */,
				69B6E3849F1A78D910CDA2F7 /* Keyboard.Modifier.swift */,
			);
			path = Keyboard;
			sourceTree = "<group>";
		};
		69FE70738BA9A7D2F71070B9 /* storyboard */ = {
			isa = PBXGroup;
			children = (
				69895A4A6E8AD3526544EA4E /* hotkey.storyboard */,
			);
			path = storyboard;
			sourceTree = "<group>";
		};
		E6D764201CDDBA100071CCB0 = {
			isa = PBXGroup;
			children = (
				17FD030F7F2C5CA3191B2040 /* accessory */,
				17FD0498F691994B815B5FB3 /* dependency */,
				E6D7642B1CDDBA100071CCB0 /* product */,
				17FD0BB4EDB0784084E6A631 /* source */,
				697EDBC98FFDECF7FF264F3A /* README.md */,
			);
			sourceTree = "<group>";
		};
		E6D7642B1CDDBA100071CCB0 /* product */ = {
			isa = PBXGroup;
			children = (
				E6D7642A1CDDBA100071CCB0 /* Observatory.framework */,
				E69200F31CDDE19100C4FEAD /* Test.xctest */,
				087EE7921E1C1FF500093E0E /* Hotkey.app */,
			);
			name = product;
			sourceTree = "<group>";
		};
/* End PBXGroup section */

/* Begin PBXHeadersBuildPhase section */
		E6D764271CDDBA100071CCB0 /* Headers */ = {
			isa = PBXHeadersBuildPhase;
			buildActionMask = 2147483647;
			files = (
				17FD02AF5E5BB3924165E7F5 /* Observatory.h in Headers */,
			);
			runOnlyForDeploymentPostprocessing = 0;
		};
/* End PBXHeadersBuildPhase section */

/* Begin PBXNativeTarget section */
		087EE7911E1C1FF500093E0E /* Hotkey */ = {
			isa = PBXNativeTarget;
			buildConfigurationList = 087EE7A01E1C1FF500093E0E /* Build configuration list for PBXNativeTarget "Hotkey" */;
			buildPhases = (
				087EE78E1E1C1FF500093E0E /* Sources */,
				087EE78F1E1C1FF500093E0E /* Frameworks */,
				087EE7901E1C1FF500093E0E /* Resources */,
			);
			buildRules = (
			);
			dependencies = (
				087EE7A31E1C26EE00093E0E /* PBXTargetDependency */,
			);
			name = Hotkey;
			productName = Hotkey;
			productReference = 087EE7921E1C1FF500093E0E /* Hotkey.app */;
			productType = "com.apple.product-type.application";
		};
		E69200F21CDDE19100C4FEAD /* Test */ = {
			isa = PBXNativeTarget;
			buildConfigurationList = E69200FD1CDDE19200C4FEAD /* Build configuration list for PBXNativeTarget "Test" */;
			buildPhases = (
				E69200EF1CDDE19100C4FEAD /* Sources */,
				E69200F01CDDE19100C4FEAD /* Frameworks */,
				E69201021CDDEA7B00C4FEAD /* CopyFiles */,
			);
			buildRules = (
			);
			dependencies = (
				E69200FA1CDDE19200C4FEAD /* PBXTargetDependency */,
			);
			name = Test;
			productName = Observatoryt;
			productReference = E69200F31CDDE19100C4FEAD /* Test.xctest */;
			productType = "com.apple.product-type.bundle.unit-test";
		};
		E6D764291CDDBA100071CCB0 /* Observatory */ = {
			isa = PBXNativeTarget;
			buildConfigurationList = E6D764321CDDBA100071CCB0 /* Build configuration list for PBXNativeTarget "Observatory" */;
			buildPhases = (
				E6D764251CDDBA100071CCB0 /* Sources */,
				E6D764261CDDBA100071CCB0 /* Frameworks */,
				E6D764271CDDBA100071CCB0 /* Headers */,
				E6D764281CDDBA100071CCB0 /* Resources */,
			);
			buildRules = (
			);
			dependencies = (
			);
			name = Observatory;
			productName = Observatory;
			productReference = E6D7642A1CDDBA100071CCB0 /* Observatory.framework */;
			productType = "com.apple.product-type.framework";
		};
/* End PBXNativeTarget section */

/* Begin PBXProject section */
		E6D764211CDDBA100071CCB0 /* Project object */ = {
			isa = PBXProject;
			attributes = {
				LastSwiftUpdateCheck = 0730;
				LastUpgradeCheck = 0730;
				ORGANIZATIONNAME = Swifteroid;
				TargetAttributes = {
					087EE7911E1C1FF500093E0E = {
						CreatedOnToolsVersion = 7.3.1;
					};
					E69200F21CDDE19100C4FEAD = {
						CreatedOnToolsVersion = 7.3;
					};
					E6D764291CDDBA100071CCB0 = {
						CreatedOnToolsVersion = 7.3;
					};
				};
			};
			buildConfigurationList = E6D764241CDDBA100071CCB0 /* Build configuration list for PBXProject "Observatory" */;
			compatibilityVersion = "Xcode 3.2";
			developmentRegion = English;
			hasScannedForEncodings = 0;
			knownRegions = (
				en,
				Base,
			);
			mainGroup = E6D764201CDDBA100071CCB0;
			productRefGroup = E6D7642B1CDDBA100071CCB0 /* product */;
			projectDirPath = "";
			projectRoot = "";
			targets = (
				E6D764291CDDBA100071CCB0 /* Observatory */,
				E69200F21CDDE19100C4FEAD /* Test */,
				087EE7911E1C1FF500093E0E /* Hotkey */,
			);
		};
/* End PBXProject section */

/* Begin PBXResourcesBuildPhase section */
		087EE7901E1C1FF500093E0E /* Resources */ = {
			isa = PBXResourcesBuildPhase;
			buildActionMask = 2147483647;
			files = (
				696D3A557EB588B0DF1D4A12 /* hotkey.storyboard in Resources */,
			);
			runOnlyForDeploymentPostprocessing = 0;
		};
		E6D764281CDDBA100071CCB0 /* Resources */ = {
			isa = PBXResourcesBuildPhase;
			buildActionMask = 2147483647;
			files = (
			);
			runOnlyForDeploymentPostprocessing = 0;
		};
/* End PBXResourcesBuildPhase section */

/* Begin PBXSourcesBuildPhase section */
		087EE78E1E1C1FF500093E0E /* Sources */ = {
			isa = PBXSourcesBuildPhase;
			buildActionMask = 2147483647;
			files = (
				69463BC3FE78DFDFF7E4811D /* Entrypoint.Hotkey.swift in Sources */,
			);
			runOnlyForDeploymentPostprocessing = 0;
		};
		E69200EF1CDDE19100C4FEAD /* Sources */ = {
			isa = PBXSourcesBuildPhase;
			buildActionMask = 2147483647;
			files = (
				17FD0DEE9D2505414F44AF89 /* Test.Utility.Block.swift in Sources */,
				17FD09333DDFBDB565AE71D6 /* Test.Observer.Notification.swift in Sources */,
				17FD0B85FEC16B87116CF4A8 /* Test.Observer.Event.swift in Sources */,
				6944BD1A9C58D937FAFA277A /* Test.Observer.Hotkey.swift in Sources */,
				69D75B07331D950C156C8B69 /* Test.Keyboard.Key.swift in Sources */,
			);
			runOnlyForDeploymentPostprocessing = 0;
		};
		E6D764251CDDBA100071CCB0 /* Sources */ = {
			isa = PBXSourcesBuildPhase;
			buildActionMask = 2147483647;
			files = (
				17FD0D9F8177D2BE0BA4276D /* Observer.swift in Sources */,
				17FD01F0C5CDC9AB876B713D /* Utility.Block.swift in Sources */,
				695A02AC8AE48193A0337C20 /* Extension.Carbon.swift in Sources */,
				691406A7FA5E743E6D355085 /* Observer.Event.swift in Sources */,
				695FF209EE4580CAB7B1C9BC /* Observer.Hotkey.swift in Sources */,
				692A798F43BAD5A83C172C18 /* Observer.Notification.swift in Sources */,
				69AB467ABC16748E0936AB58 /* Observer.HandlerDefinition.swift in Sources */,
				693FF17545F4335ED9AC31D8 /* Observer.Notification.HandlerDefinition.swift in Sources */,
				6948DEFF8C292066D8801689 /* Observer.Hotkey.HandlerDefinition.swift in Sources */,
				69867A0A91B27CAC21F1671E /* Observer.Event.HandlerDefinition.swift in Sources */,
				69EBE204779A71AC666F4364 /* Observer.Event.HandlerDefinition.Factory.swift in Sources */,
				69AA70DB746B33D42CFE0A7B /* Observer.Event.Handler.swift in Sources */,
				69A6BC05F61D96900EAAD5DA /* Observer.Handler.swift in Sources */,
				697761271895402059498DAC /* Observer.Hotkey.HandlerDefinition.Factory.swift in Sources */,
				69B6923163F303A78F99ACDA /* Observer.Notification.HandlerDefinition.Factory.swift in Sources */,
				699E980FBC6FA145482C74DF /* Observer.Notification.Handler.swift in Sources */,
				69EECB57AAC934D69E4DEE8B /* Keyboard.Hotkey.swift in Sources */,
				69F1ADAA0E683F41DB80A1CB /* Keyboard.Key.swift in Sources */,
				69D7F2BE3034A96729AA0949 /* Keyboard.Modifier.swift in Sources */,
				69F0DD3C8FEE48FD092C33EC /* Observer.Hotkey.Handler.swift in Sources */,
				698F6783628A36723D11D9C7 /* Observer.Hotkey.Recorder.Button.swift in Sources */,
				695E17A9473E8AE54801B65F /* Observer.Hotkey.Center.swift in Sources */,
				6950EBB8A94621047F0D42D7 /* Foundation.Weak.swift in Sources */,
				69278DAE5DF6878C3D17C9B7 /* Observer.Hotkey.Recorder.Protocol.swift in Sources */,
			);
			runOnlyForDeploymentPostprocessing = 0;
		};
/* End PBXSourcesBuildPhase section */

/* Begin PBXTargetDependency section */
		087EE7A31E1C26EE00093E0E /* PBXTargetDependency */ = {
			isa = PBXTargetDependency;
			target = E6D764291CDDBA100071CCB0 /* Observatory */;
			targetProxy = 087EE7A21E1C26EE00093E0E /* PBXContainerItemProxy */;
		};
		E69200FA1CDDE19200C4FEAD /* PBXTargetDependency */ = {
			isa = PBXTargetDependency;
			target = E6D764291CDDBA100071CCB0 /* Observatory */;
			targetProxy = E69200F91CDDE19200C4FEAD /* PBXContainerItemProxy */;
		};
/* End PBXTargetDependency section */

/* Begin PBXVariantGroup section */
		69895A4A6E8AD3526544EA4E /* hotkey.storyboard */ = {
			isa = PBXVariantGroup;
			children = (
				6949810C46B669082CB49E6A /* Base */,
			);
			name = hotkey.storyboard;
			sourceTree = "<group>";
		};
/* End PBXVariantGroup section */

/* Begin XCBuildConfiguration section */
		087EE79E1E1C1FF500093E0E /* Debug */ = {
			isa = XCBuildConfiguration;
			buildSettings = {
				ASSETCATALOG_COMPILER_APPICON_NAME = AppIcon;
				CLANG_CXX_LANGUAGE_STANDARD = "gnu++0x";
				CLANG_CXX_LIBRARY = "libc++";
				CODE_SIGN_IDENTITY = "-";
				COMBINE_HIDPI_IMAGES = YES;
				COPY_PHASE_STRIP = NO;
				GCC_C_LANGUAGE_STANDARD = gnu99;
				GCC_DYNAMIC_NO_PIC = NO;
				LD_RUNPATH_SEARCH_PATHS = "$(inherited) @executable_path/../Frameworks";
				MACOSX_DEPLOYMENT_TARGET = 10.12;
				PRODUCT_NAME = "$(TARGET_NAME)";
				SDKROOT = macosx;
			};
			name = Debug;
		};
		087EE79F1E1C1FF500093E0E /* Release */ = {
			isa = XCBuildConfiguration;
			buildSettings = {
				ASSETCATALOG_COMPILER_APPICON_NAME = AppIcon;
				CLANG_CXX_LANGUAGE_STANDARD = "gnu++0x";
				CLANG_CXX_LIBRARY = "libc++";
				CODE_SIGN_IDENTITY = "-";
				COMBINE_HIDPI_IMAGES = YES;
				COPY_PHASE_STRIP = NO;
				GCC_C_LANGUAGE_STANDARD = gnu99;
				LD_RUNPATH_SEARCH_PATHS = "$(inherited) @executable_path/../Frameworks";
				MACOSX_DEPLOYMENT_TARGET = 10.12;
				PRODUCT_NAME = "$(TARGET_NAME)";
				SDKROOT = macosx;
			};
			name = Release;
		};
		E69200FB1CDDE19200C4FEAD /* Debug */ = {
			isa = XCBuildConfiguration;
			buildSettings = {
				FRAMEWORK_SEARCH_PATHS = (
					"$(inherited)",
					"$(PROJECT_DIR)/dependency/Carthage/Build/Mac",
				);
				INFOPLIST_FILE = "$(SRCROOT)/accessory/info/Observatory.plist";
				LD_RUNPATH_SEARCH_PATHS = "$(inherited) @executable_path/../Frameworks @loader_path/../Frameworks";
				PRODUCT_MODULE_NAME = Test;
				PRODUCT_NAME = Test;
			};
			name = Debug;
		};
		E69200FC1CDDE19200C4FEAD /* Release */ = {
			isa = XCBuildConfiguration;
			buildSettings = {
				FRAMEWORK_SEARCH_PATHS = (
					"$(inherited)",
					"$(PROJECT_DIR)/dependency/Carthage/Build/Mac",
				);
				INFOPLIST_FILE = "$(SRCROOT)/accessory/info/Observatory.plist";
				LD_RUNPATH_SEARCH_PATHS = "$(inherited) @executable_path/../Frameworks @loader_path/../Frameworks";
				PRODUCT_MODULE_NAME = Test;
				PRODUCT_NAME = Test;
			};
			name = Release;
		};
		E6D764301CDDBA100071CCB0 /* Debug */ = {
			isa = XCBuildConfiguration;
			buildSettings = {
				ALWAYS_SEARCH_USER_PATHS = NO;
				CLANG_ANALYZER_NONNULL = YES;
				CLANG_ENABLE_MODULES = YES;
				CLANG_ENABLE_OBJC_ARC = YES;
				CLANG_WARN_BOOL_CONVERSION = YES;
				CLANG_WARN_CONSTANT_CONVERSION = YES;
				CLANG_WARN_DIRECT_OBJC_ISA_USAGE = YES_ERROR;
				CLANG_WARN_EMPTY_BODY = YES;
				CLANG_WARN_ENUM_CONVERSION = YES;
				CLANG_WARN_INT_CONVERSION = YES;
				CLANG_WARN_OBJC_ROOT_CLASS = YES_ERROR;
				CLANG_WARN_UNREACHABLE_CODE = YES;
				CLANG_WARN__DUPLICATE_METHOD_MATCH = YES;
				DEBUG_INFORMATION_FORMAT = dwarf;
				ENABLE_NS_ASSERTIONS = NO;
				ENABLE_STRICT_OBJC_MSGSEND = YES;
				ENABLE_TESTABILITY = YES;
				GCC_NO_COMMON_BLOCKS = YES;
				GCC_OPTIMIZATION_LEVEL = 0;
				GCC_PREPROCESSOR_DEFINITIONS = (
					"DEBUG=1",
					"$(inherited)",
				);
				GCC_WARN_64_TO_32_BIT_CONVERSION = YES;
				GCC_WARN_ABOUT_RETURN_TYPE = YES_ERROR;
				GCC_WARN_UNDECLARED_SELECTOR = YES;
				GCC_WARN_UNINITIALIZED_AUTOS = YES_AGGRESSIVE;
				GCC_WARN_UNUSED_FUNCTION = YES;
				GCC_WARN_UNUSED_VARIABLE = YES;
				INFOPLIST_FILE = "$(SRCROOT)/accessory/info/$(PRODUCT_MODULE_NAME).plist";
				MACOSX_DEPLOYMENT_TARGET = 10.10;
				MTL_ENABLE_DEBUG_INFO = YES;
				ONLY_ACTIVE_ARCH = YES;
				PRODUCT_BUNDLE_IDENTIFIER = com.swifteroid.observatory;
				SWIFT_OPTIMIZATION_LEVEL = "-Onone";
			};
			name = Debug;
		};
		E6D764311CDDBA100071CCB0 /* Release */ = {
			isa = XCBuildConfiguration;
			buildSettings = {
				ALWAYS_SEARCH_USER_PATHS = NO;
				CLANG_ANALYZER_NONNULL = YES;
				CLANG_ENABLE_MODULES = YES;
				CLANG_ENABLE_OBJC_ARC = YES;
				CLANG_WARN_BOOL_CONVERSION = YES;
				CLANG_WARN_CONSTANT_CONVERSION = YES;
				CLANG_WARN_DIRECT_OBJC_ISA_USAGE = YES_ERROR;
				CLANG_WARN_EMPTY_BODY = YES;
				CLANG_WARN_ENUM_CONVERSION = YES;
				CLANG_WARN_INT_CONVERSION = YES;
				CLANG_WARN_OBJC_ROOT_CLASS = YES_ERROR;
				CLANG_WARN_UNREACHABLE_CODE = YES;
				CLANG_WARN__DUPLICATE_METHOD_MATCH = YES;
				DEBUG_INFORMATION_FORMAT = "dwarf-with-dsym";
				ENABLE_NS_ASSERTIONS = NO;
				ENABLE_STRICT_OBJC_MSGSEND = YES;
				GCC_NO_COMMON_BLOCKS = YES;
				GCC_OPTIMIZATION_LEVEL = fast;
				GCC_WARN_64_TO_32_BIT_CONVERSION = YES;
				GCC_WARN_ABOUT_RETURN_TYPE = YES_ERROR;
				GCC_WARN_UNDECLARED_SELECTOR = YES;
				GCC_WARN_UNINITIALIZED_AUTOS = YES_AGGRESSIVE;
				GCC_WARN_UNUSED_FUNCTION = YES;
				GCC_WARN_UNUSED_VARIABLE = YES;
				INFOPLIST_FILE = "$(SRCROOT)/accessory/info/$(PRODUCT_MODULE_NAME).plist";
				MACOSX_DEPLOYMENT_TARGET = 10.10;
				MTL_ENABLE_DEBUG_INFO = NO;
				PRODUCT_BUNDLE_IDENTIFIER = com.swifteroid.observatory;
				SWIFT_OPTIMIZATION_LEVEL = "-Owholemodule";
			};
			name = Release;
		};
		E6D764331CDDBA100071CCB0 /* Debug */ = {
			isa = XCBuildConfiguration;
			buildSettings = {
				DEFINES_MODULE = YES;
				DYLIB_INSTALL_NAME_BASE = "@rpath";
				LD_RUNPATH_SEARCH_PATHS = "$(inherited) @executable_path/../Frameworks @loader_path/Frameworks";
				PRODUCT_MODULE_NAME = Observatory;
				PRODUCT_NAME = Observatory;
			};
			name = Debug;
		};
		E6D764341CDDBA100071CCB0 /* Release */ = {
			isa = XCBuildConfiguration;
			buildSettings = {
				DEFINES_MODULE = YES;
				DYLIB_INSTALL_NAME_BASE = "@rpath";
				LD_RUNPATH_SEARCH_PATHS = "$(inherited) @executable_path/../Frameworks @loader_path/Frameworks";
				PRODUCT_MODULE_NAME = Observatory;
				PRODUCT_NAME = Observatory;
			};
			name = Release;
		};
/* End XCBuildConfiguration section */

/* Begin XCConfigurationList section */
		087EE7A01E1C1FF500093E0E /* Build configuration list for PBXNativeTarget "Hotkey" */ = {
			isa = XCConfigurationList;
			buildConfigurations = (
				087EE79E1E1C1FF500093E0E /* Debug */,
				087EE79F1E1C1FF500093E0E /* Release */,
			);
			defaultConfigurationIsVisible = 0;
			defaultConfigurationName = Release;
		};
		E69200FD1CDDE19200C4FEAD /* Build configuration list for PBXNativeTarget "Test" */ = {
			isa = XCConfigurationList;
			buildConfigurations = (
				E69200FB1CDDE19200C4FEAD /* Debug */,
				E69200FC1CDDE19200C4FEAD /* Release */,
			);
			defaultConfigurationIsVisible = 0;
			defaultConfigurationName = Release;
		};
		E6D764241CDDBA100071CCB0 /* Build configuration list for PBXProject "Observatory" */ = {
			isa = XCConfigurationList;
			buildConfigurations = (
				E6D764301CDDBA100071CCB0 /* Debug */,
				E6D764311CDDBA100071CCB0 /* Release */,
			);
			defaultConfigurationIsVisible = 0;
			defaultConfigurationName = Release;
		};
		E6D764321CDDBA100071CCB0 /* Build configuration list for PBXNativeTarget "Observatory" */ = {
			isa = XCConfigurationList;
			buildConfigurations = (
				E6D764331CDDBA100071CCB0 /* Debug */,
				E6D764341CDDBA100071CCB0 /* Release */,
			);
			defaultConfigurationIsVisible = 0;
			defaultConfigurationName = Release;
		};
/* End XCConfigurationList section */
	};
	rootObject = E6D764211CDDBA100071CCB0 /* Project object */;
}
