// !$*UTF8*$!
{
	archiveVersion = 1;
	classes = {
	};
	objectVersion = 48;
	objects = {

/* Begin PBXBuildFile section */
		087EE7A11E1C26E500093E0E /* Observatory.framework in Frameworks */ = {isa = PBXBuildFile; fileRef = E6D7642A1CDDBA100071CCB0 /* Observatory.framework */; };
		17FD016C75BB3C927DA98687 /* Test.Observer.Notification.swift in Sources */ = {isa = PBXBuildFile; fileRef = 17FD01157083D648768FA804 /* Test.Observer.Notification.swift */; };
		17FD02049992AB6759BAF035 /* Observer.Notification.Handler.swift in Sources */ = {isa = PBXBuildFile; fileRef = 17FD0861E6414B7ECCA77737 /* Observer.Notification.Handler.swift */; };
		17FD02874D9AFD2E2CB0FA64 /* Observer.Notification.swift in Sources */ = {isa = PBXBuildFile; fileRef = 17FD096A2D85D2458E5E88FE /* Observer.Notification.swift */; };
		17FD028E20DE493318D97F7B /* Observer.Hotkey.Recorder.Button.swift in Sources */ = {isa = PBXBuildFile; fileRef = 17FD05D9DDEAFB817AB71100 /* Observer.Hotkey.Recorder.Button.swift */; };
		17FD0297C0436363B90AD70B /* Test.Keyboard.Hotkey.swift in Sources */ = {isa = PBXBuildFile; fileRef = 17FD0CF623279FE20B9AAF7E /* Test.Keyboard.Hotkey.swift */; };
		17FD03080F29623E851E70FA /* Nimble.framework in CopyFiles */ = {isa = PBXBuildFile; fileRef = 17FD004596B009984060737D /* Nimble.framework */; };
		17FD0333BF3DE85D648C5FAF /* Foundation.Weak.swift in Sources */ = {isa = PBXBuildFile; fileRef = 17FD08455945E88D99F54C32 /* Foundation.Weak.swift */; };
		17FD038F76693E9764B6C39D /* Observer.Hotkey.Center.swift in Sources */ = {isa = PBXBuildFile; fileRef = 17FD07DFB87968CE44E73133 /* Observer.Hotkey.Center.swift */; };
		17FD0394C07886B6F517ADC2 /* Extension.Carbon.swift in Sources */ = {isa = PBXBuildFile; fileRef = 17FD0E4C25E43CE2070F5EE7 /* Extension.Carbon.swift */; };
		17FD039587A3A991023C8AD2 /* Observer.HandlerDefinition.swift in Sources */ = {isa = PBXBuildFile; fileRef = 17FD09F1D55428F9F2757251 /* Observer.HandlerDefinition.swift */; };
		17FD04A43F36324EF4643B6A /* Observer.Event.Handler.swift in Sources */ = {isa = PBXBuildFile; fileRef = 17FD093835E63ED2A8E04C99 /* Observer.Event.Handler.swift */; };
		17FD04D862C7A13AE2F43AEF /* Test.Observer.Event.swift in Sources */ = {isa = PBXBuildFile; fileRef = 17FD0C4CA3A8D388D3EDFC77 /* Test.Observer.Event.swift */; };
		17FD05A3415AA3A589D05605 /* Observer.Event.swift in Sources */ = {isa = PBXBuildFile; fileRef = 17FD04EF01FB44C8E29934D6 /* Observer.Event.swift */; };
		17FD062FA3835F152943A9F9 /* Nimble.framework in Frameworks */ = {isa = PBXBuildFile; fileRef = 17FD004596B009984060737D /* Nimble.framework */; };
		17FD072C4DD0B0017FFE7736 /* Observatory.h in Headers */ = {isa = PBXBuildFile; fileRef = 17FD0933F31CFB1079F482F7 /* Observatory.h */; settings = {ATTRIBUTES = (Public, ); }; };
		17FD07F9F23B631E4637D0A6 /* Observer.Hotkey.Recorder.swift in Sources */ = {isa = PBXBuildFile; fileRef = 17FD05D4744DE4E93FCA2A14 /* Observer.Hotkey.Recorder.swift */; };
		17FD087C06620E6017B3A284 /* Test.Keyboard.Key.swift in Sources */ = {isa = PBXBuildFile; fileRef = 17FD0579CC5DEE5BEB7C17AA /* Test.Keyboard.Key.swift */; };
		17FD08FBEAA7C969C52E992F /* Observer.Event.Handler.Carbon.swift in Sources */ = {isa = PBXBuildFile; fileRef = 17FD0A5B9FE9D76B1B5D3FEA /* Observer.Event.Handler.Carbon.swift */; };
		17FD09B2BB5295082A82F90E /* Test.Observer.Hotkey.swift in Sources */ = {isa = PBXBuildFile; fileRef = 17FD0FA9B7B55F5A9F01448A /* Test.Observer.Hotkey.swift */; };
		17FD0ABB4197AACD5B461AB1 /* Entrypoint.Hotkey.swift in Sources */ = {isa = PBXBuildFile; fileRef = 17FD0A49FCA26756CE44887A /* Entrypoint.Hotkey.swift */; };
		17FD0AC48080C799A307B828 /* Observer.swift in Sources */ = {isa = PBXBuildFile; fileRef = 17FD07A4DFF670469F941B74 /* Observer.swift */; };
		17FD0B840CACA4C9A3A41ECC /* Observer.Event.Handler.AppKit.swift in Sources */ = {isa = PBXBuildFile; fileRef = 17FD00D2F27DC335914EDDAE /* Observer.Event.Handler.AppKit.swift */; };
		17FD0C06D58B5AD1AE56E50C /* Observer.Hotkey.swift in Sources */ = {isa = PBXBuildFile; fileRef = 17FD034777F15075897ECD84 /* Observer.Hotkey.swift */; };
		17FD0D2580443B055F56A981 /* Observer.Hotkey.Handler.swift in Sources */ = {isa = PBXBuildFile; fileRef = 17FD02B6BCD2C12F1A402205 /* Observer.Hotkey.Handler.swift */; };
		17FD0EAD038EFB45D7F88400 /* Keyboard.Key.swift in Sources */ = {isa = PBXBuildFile; fileRef = 17FD07861300584746554214 /* Keyboard.Key.swift */; };
		17FD0EBC070D00CFDDF1E42D /* Observatory.framework in Frameworks */ = {isa = PBXBuildFile; fileRef = E6D7642A1CDDBA100071CCB0 /* Observatory.framework */; };
		17FD0EEC2A507AF66A0A0E36 /* Keyboard.Hotkey.swift in Sources */ = {isa = PBXBuildFile; fileRef = 17FD00EBE57F094E51BF5F2D /* Keyboard.Hotkey.swift */; };
		17FD0F8F05E2920A2155E41F /* Testing.Observation.swift in Sources */ = {isa = PBXBuildFile; fileRef = 17FD01F69348345CA7287D75 /* Testing.Observation.swift */; };
		17FD0FE4E3F8DE351D981A5F /* Keyboard.Modifier.swift in Sources */ = {isa = PBXBuildFile; fileRef = 17FD0D94F2B603C27C78EBBE /* Keyboard.Modifier.swift */; };
		17FD0FED034A189CB58B0F97 /* Testing.Event.swift in Sources */ = {isa = PBXBuildFile; fileRef = 17FD0177279F255CBBB34499 /* Testing.Event.swift */; };
		E609DC8B1E7BC8CA00F919DD /* hotkey.storyboard in Resources */ = {isa = PBXBuildFile; fileRef = E609DC891E7BC8C400F919DD /* hotkey.storyboard */; };
/* End PBXBuildFile section */

/* Begin PBXContainerItemProxy section */
		087EE7A21E1C26EE00093E0E /* PBXContainerItemProxy */ = {
			isa = PBXContainerItemProxy;
			containerPortal = E6D764211CDDBA100071CCB0 /* Project object */;
			proxyType = 1;
			remoteGlobalIDString = E6D764291CDDBA100071CCB0;
			remoteInfo = Observatory;
		};
		E69200F91CDDE19200C4FEAD /* PBXContainerItemProxy */ = {
			isa = PBXContainerItemProxy;
			containerPortal = E6D764211CDDBA100071CCB0 /* Project object */;
			proxyType = 1;
			remoteGlobalIDString = E6D764291CDDBA100071CCB0;
			remoteInfo = Observatory;
		};
/* End PBXContainerItemProxy section */

/* Begin PBXCopyFilesBuildPhase section */
		E69201021CDDEA7B00C4FEAD /* CopyFiles */ = {
			isa = PBXCopyFilesBuildPhase;
			buildActionMask = 2147483647;
			dstPath = "";
			dstSubfolderSpec = 10;
			files = (
				17FD03080F29623E851E70FA /* Nimble.framework in CopyFiles */,
			);
			runOnlyForDeploymentPostprocessing = 0;
		};
/* End PBXCopyFilesBuildPhase section */

/* Begin PBXFileReference section */
		087EE7921E1C1FF500093E0E /* Hotkey.app */ = {isa = PBXFileReference; explicitFileType = wrapper.application; includeInIndex = 0; path = Hotkey.app; sourceTree = BUILT_PRODUCTS_DIR; };
		17FD004596B009984060737D /* Nimble.framework */ = {isa = PBXFileReference; lastKnownFileType = wrapper.framework; name = Nimble.framework; path = Carthage/Build/Mac/Nimble.framework; sourceTree = "<group>"; };
		17FD00D2F27DC335914EDDAE /* Observer.Event.Handler.AppKit.swift */ = {isa = PBXFileReference; fileEncoding = 4; lastKnownFileType = sourcecode.swift; path = Observer.Event.Handler.AppKit.swift; sourceTree = "<group>"; };
		17FD00D92CE5001C977C34C8 /* macOS - Framework.xcconfig */ = {isa = PBXFileReference; fileEncoding = 4; lastKnownFileType = text.xcconfig; path = "macOS - Framework.xcconfig"; sourceTree = "<group>"; };
		17FD00EBE57F094E51BF5F2D /* Keyboard.Hotkey.swift */ = {isa = PBXFileReference; fileEncoding = 4; lastKnownFileType = sourcecode.swift; path = Keyboard.Hotkey.swift; sourceTree = "<group>"; };
		17FD01157083D648768FA804 /* Test.Observer.Notification.swift */ = {isa = PBXFileReference; fileEncoding = 4; lastKnownFileType = sourcecode.swift; path = Test.Observer.Notification.swift; sourceTree = "<group>"; };
		17FD0153D441DBE8117C8705 /* Base - Release.xcconfig */ = {isa = PBXFileReference; fileEncoding = 4; lastKnownFileType = text.xcconfig; path = "Base - Release.xcconfig"; sourceTree = "<group>"; };
		17FD016E3AC5B7437BE4F07B /* macOS - Application.xcconfig */ = {isa = PBXFileReference; fileEncoding = 4; lastKnownFileType = text.xcconfig; path = "macOS - Application.xcconfig"; sourceTree = "<group>"; };
		17FD0177279F255CBBB34499 /* Testing.Event.swift */ = {isa = PBXFileReference; fileEncoding = 4; lastKnownFileType = sourcecode.swift; path = Testing.Event.swift; sourceTree = "<group>"; };
		17FD01F69348345CA7287D75 /* Testing.Observation.swift */ = {isa = PBXFileReference; fileEncoding = 4; lastKnownFileType = sourcecode.swift; path = Testing.Observation.swift; sourceTree = "<group>"; };
		17FD02B6BCD2C12F1A402205 /* Observer.Hotkey.Handler.swift */ = {isa = PBXFileReference; fileEncoding = 4; lastKnownFileType = sourcecode.swift; path = Observer.Hotkey.Handler.swift; sourceTree = "<group>"; };
		17FD034777F15075897ECD84 /* Observer.Hotkey.swift */ = {isa = PBXFileReference; fileEncoding = 4; lastKnownFileType = sourcecode.swift; path = Observer.Hotkey.swift; sourceTree = "<group>"; };
		17FD049B29A650BABBC10CC6 /* test.plist */ = {isa = PBXFileReference; fileEncoding = 4; lastKnownFileType = text.plist; path = test.plist; sourceTree = "<group>"; };
		17FD04EF01FB44C8E29934D6 /* Observer.Event.swift */ = {isa = PBXFileReference; fileEncoding = 4; lastKnownFileType = sourcecode.swift; path = Observer.Event.swift; sourceTree = "<group>"; };
		17FD0579CC5DEE5BEB7C17AA /* Test.Keyboard.Key.swift */ = {isa = PBXFileReference; fileEncoding = 4; lastKnownFileType = sourcecode.swift; path = Test.Keyboard.Key.swift; sourceTree = "<group>"; };
		17FD05D4744DE4E93FCA2A14 /* Observer.Hotkey.Recorder.swift */ = {isa = PBXFileReference; fileEncoding = 4; lastKnownFileType = sourcecode.swift; path = Observer.Hotkey.Recorder.swift; sourceTree = "<group>"; };
		17FD05D9DDEAFB817AB71100 /* Observer.Hotkey.Recorder.Button.swift */ = {isa = PBXFileReference; fileEncoding = 4; lastKnownFileType = sourcecode.swift; path = Observer.Hotkey.Recorder.Button.swift; sourceTree = "<group>"; };
		17FD07861300584746554214 /* Keyboard.Key.swift */ = {isa = PBXFileReference; fileEncoding = 4; lastKnownFileType = sourcecode.swift; path = Keyboard.Key.swift; sourceTree = "<group>"; };
		17FD07A4DFF670469F941B74 /* Observer.swift */ = {isa = PBXFileReference; fileEncoding = 4; lastKnownFileType = sourcecode.swift; path = Observer.swift; sourceTree = "<group>"; };
		17FD07DFB87968CE44E73133 /* Observer.Hotkey.Center.swift */ = {isa = PBXFileReference; fileEncoding = 4; lastKnownFileType = sourcecode.swift; path = Observer.Hotkey.Center.swift; sourceTree = "<group>"; };
		17FD08455945E88D99F54C32 /* Foundation.Weak.swift */ = {isa = PBXFileReference; fileEncoding = 4; lastKnownFileType = sourcecode.swift; path = Foundation.Weak.swift; sourceTree = "<group>"; };
		17FD0861E6414B7ECCA77737 /* Observer.Notification.Handler.swift */ = {isa = PBXFileReference; fileEncoding = 4; lastKnownFileType = sourcecode.swift; path = Observer.Notification.Handler.swift; sourceTree = "<group>"; };
		17FD08C9C8536FA561C0E4C5 /* Test.xcconfig */ = {isa = PBXFileReference; fileEncoding = 4; lastKnownFileType = text.xcconfig; path = Test.xcconfig; sourceTree = "<group>"; };
		17FD0933F31CFB1079F482F7 /* Observatory.h */ = {isa = PBXFileReference; fileEncoding = 4; lastKnownFileType = sourcecode.c.h; path = Observatory.h; sourceTree = "<group>"; };
		17FD093835E63ED2A8E04C99 /* Observer.Event.Handler.swift */ = {isa = PBXFileReference; fileEncoding = 4; lastKnownFileType = sourcecode.swift; path = Observer.Event.Handler.swift; sourceTree = "<group>"; };
		17FD096A2D85D2458E5E88FE /* Observer.Notification.swift */ = {isa = PBXFileReference; fileEncoding = 4; lastKnownFileType = sourcecode.swift; path = Observer.Notification.swift; sourceTree = "<group>"; };
		17FD09DEC21D8E672877A6C0 /* Cartfile.private */ = {isa = PBXFileReference; lastKnownFileType = file.private; path = Cartfile.private; sourceTree = "<group>"; };
		17FD09F1D55428F9F2757251 /* Observer.HandlerDefinition.swift */ = {isa = PBXFileReference; fileEncoding = 4; lastKnownFileType = sourcecode.swift; path = Observer.HandlerDefinition.swift; sourceTree = "<group>"; };
		17FD0A49FCA26756CE44887A /* Entrypoint.Hotkey.swift */ = {isa = PBXFileReference; fileEncoding = 4; lastKnownFileType = sourcecode.swift; path = Entrypoint.Hotkey.swift; sourceTree = "<group>"; };
		17FD0A5B9FE9D76B1B5D3FEA /* Observer.Event.Handler.Carbon.swift */ = {isa = PBXFileReference; fileEncoding = 4; lastKnownFileType = sourcecode.swift; path = Observer.Event.Handler.Carbon.swift; sourceTree = "<group>"; };
		17FD0C4CA3A8D388D3EDFC77 /* Test.Observer.Event.swift */ = {isa = PBXFileReference; fileEncoding = 4; lastKnownFileType = sourcecode.swift; path = Test.Observer.Event.swift; sourceTree = "<group>"; };
		17FD0CF623279FE20B9AAF7E /* Test.Keyboard.Hotkey.swift */ = {isa = PBXFileReference; fileEncoding = 4; lastKnownFileType = sourcecode.swift; path = Test.Keyboard.Hotkey.swift; sourceTree = "<group>"; };
		17FD0D94F2B603C27C78EBBE /* Keyboard.Modifier.swift */ = {isa = PBXFileReference; fileEncoding = 4; lastKnownFileType = sourcecode.swift; path = Keyboard.Modifier.swift; sourceTree = "<group>"; };
		17FD0E4C25E43CE2070F5EE7 /* Extension.Carbon.swift */ = {isa = PBXFileReference; fileEncoding = 4; lastKnownFileType = sourcecode.swift; path = Extension.Carbon.swift; sourceTree = "<group>"; };
		17FD0ED96CA8568E523C05EA /* Base - Debug.xcconfig */ = {isa = PBXFileReference; fileEncoding = 4; lastKnownFileType = text.xcconfig; path = "Base - Debug.xcconfig"; sourceTree = "<group>"; };
		17FD0FA9B7B55F5A9F01448A /* Test.Observer.Hotkey.swift */ = {isa = PBXFileReference; fileEncoding = 4; lastKnownFileType = sourcecode.swift; path = Test.Observer.Hotkey.swift; sourceTree = "<group>"; };
		691492DAECCDA8F37886F020 /* framework.plist */ = {isa = PBXFileReference; fileEncoding = 4; lastKnownFileType = text.plist; path = framework.plist; sourceTree = "<group>"; };
		692C0EE3AC3E3172836E1B96 /* hotkey.plist */ = {isa = PBXFileReference; fileEncoding = 4; lastKnownFileType = text.plist; path = hotkey.plist; sourceTree = "<group>"; };
		697EDBC98FFDECF7FF264F3A /* README.md */ = {isa = PBXFileReference; fileEncoding = 4; lastKnownFileType = net.daringfireball.markdown; path = README.md; sourceTree = "<group>"; };
		69D782B1BF1A76BD24B7144E /* Cartfile.resolved */ = {isa = PBXFileReference; lastKnownFileType = file.resolved; path = Cartfile.resolved; sourceTree = "<group>"; };
		E609DC891E7BC8C400F919DD /* hotkey.storyboard */ = {isa = PBXFileReference; fileEncoding = 4; lastKnownFileType = file.storyboard; path = hotkey.storyboard; sourceTree = "<group>"; };
		E609DC8C1E7BCA3200F919DD /* Nimble.framework.dSYM */ = {isa = PBXFileReference; lastKnownFileType = wrapper.dsym; name = Nimble.framework.dSYM; path = Carthage/Build/Mac/Nimble.framework.dSYM; sourceTree = "<group>"; };
		E69200F31CDDE19100C4FEAD /* Observatory - Test.xctest */ = {isa = PBXFileReference; explicitFileType = wrapper.cfbundle; includeInIndex = 0; path = "Observatory - Test.xctest"; sourceTree = BUILT_PRODUCTS_DIR; };
		E6D7642A1CDDBA100071CCB0 /* Observatory.framework */ = {isa = PBXFileReference; explicitFileType = wrapper.framework; includeInIndex = 0; path = Observatory.framework; sourceTree = BUILT_PRODUCTS_DIR; };
/* End PBXFileReference section */

/* Begin PBXFrameworksBuildPhase section */
		087EE78F1E1C1FF500093E0E /* Frameworks */ = {
			isa = PBXFrameworksBuildPhase;
			buildActionMask = 2147483647;
			files = (
				087EE7A11E1C26E500093E0E /* Observatory.framework in Frameworks */,
			);
			runOnlyForDeploymentPostprocessing = 0;
		};
		E69200F01CDDE19100C4FEAD /* Frameworks */ = {
			isa = PBXFrameworksBuildPhase;
			buildActionMask = 2147483647;
			files = (
				17FD0EBC070D00CFDDF1E42D /* Observatory.framework in Frameworks */,
				17FD062FA3835F152943A9F9 /* Nimble.framework in Frameworks */,
			);
			runOnlyForDeploymentPostprocessing = 0;
		};
		E6D764261CDDBA100071CCB0 /* Frameworks */ = {
			isa = PBXFrameworksBuildPhase;
			buildActionMask = 2147483647;
			files = (
			);
			runOnlyForDeploymentPostprocessing = 0;
		};
/* End PBXFrameworksBuildPhase section */

/* Begin PBXGroup section */
		17FD021F68C207D6BE5401EE /* configuration */ = {
			isa = PBXGroup;
			children = (
				17FD067BD7183F4497D8FE33 /* Configuration */,
				17FD045154CDB984B09CE2DB /* Target */,
			);
			name = configuration;
			sourceTree = "<group>";
		};
		17FD030F7F2C5CA3191B2040 /* accessory */ = {
			isa = PBXGroup;
			children = (
				17FD021F68C207D6BE5401EE /* configuration */,
				692739BC3F963DB95B757C64 /* info */,
				69FE70738BA9A7D2F71070B9 /* storyboard */,
			);
			path = accessory;
			sourceTree = "<group>";
		};
		17FD03C88C65581F4F467F24 /* Keyboard */ = {
			isa = PBXGroup;
			children = (
				17FD00EBE57F094E51BF5F2D /* Keyboard.Hotkey.swift */,
				17FD07861300584746554214 /* Keyboard.Key.swift */,
				17FD0D94F2B603C27C78EBBE /* Keyboard.Modifier.swift */,
			);
			path = Keyboard;
			sourceTree = "<group>";
		};
		17FD03E8A37E50A7B5870714 /* framework */ = {
			isa = PBXGroup;
			children = (
				17FD004596B009984060737D /* Nimble.framework */,
			);
			name = framework;
			sourceTree = "<group>";
		};
		17FD045154CDB984B09CE2DB /* Target */ = {
			isa = PBXGroup;
			children = (
				17FD098E9D4F645F95274057 /* macOS */,
				17FD08C9C8536FA561C0E4C5 /* Test.xcconfig */,
			);
			name = Target;
			path = dependency/git/xenomorph/source/Target;
			sourceTree = SOURCE_ROOT;
		};
		17FD0498F691994B815B5FB3 /* dependency */ = {
			isa = PBXGroup;
			children = (
				17FD0A6F774EB410DD7ED045 /* dsym */,
				17FD03E8A37E50A7B5870714 /* framework */,
				17FD09DEC21D8E672877A6C0 /* Cartfile.private */,
				69D782B1BF1A76BD24B7144E /* Cartfile.resolved */,
			);
			path = dependency;
			sourceTree = "<group>";
		};
		17FD04BC6D1517A1877DF6AA /* Extension */ = {
			isa = PBXGroup;
			children = (
				17FD0E4C25E43CE2070F5EE7 /* Extension.Carbon.swift */,
			);
			path = Extension;
			sourceTree = "<group>";
		};
		17FD062C23AFC4EC0D4C1BBA /* Keyboard */ = {
			isa = PBXGroup;
			children = (
				17FD0579CC5DEE5BEB7C17AA /* Test.Keyboard.Key.swift */,
				17FD0CF623279FE20B9AAF7E /* Test.Keyboard.Hotkey.swift */,
			);
			path = Keyboard;
			sourceTree = "<group>";
		};
		17FD067BD7183F4497D8FE33 /* Configuration */ = {
			isa = PBXGroup;
			children = (
				17FD0ED96CA8568E523C05EA /* Base - Debug.xcconfig */,
				17FD0153D441DBE8117C8705 /* Base - Release.xcconfig */,
			);
			name = Configuration;
			path = dependency/git/xenomorph/source/Configuration;
			sourceTree = SOURCE_ROOT;
		};
		17FD06FC32F390C28DCEACFD /* Notification */ = {
			isa = PBXGroup;
			children = (
				17FD096A2D85D2458E5E88FE /* Observer.Notification.swift */,
				17FD0861E6414B7ECCA77737 /* Observer.Notification.Handler.swift */,
			);
			path = Notification;
			sourceTree = "<group>";
		};
		17FD089C8664FB313E80DF90 /* Entrypoint */ = {
			isa = PBXGroup;
			children = (
				17FD0A49FCA26756CE44887A /* Entrypoint.Hotkey.swift */,
			);
			path = Entrypoint;
			sourceTree = "<group>";
		};
		17FD098E9D4F645F95274057 /* macOS */ = {
			isa = PBXGroup;
			children = (
				17FD00D92CE5001C977C34C8 /* macOS - Framework.xcconfig */,
				17FD016E3AC5B7437BE4F07B /* macOS - Application.xcconfig */,
			);
			path = macOS;
			sourceTree = "<group>";
		};
		17FD09E5630899D473818F6E /* Observer */ = {
			isa = PBXGroup;
			children = (
				17FD07A4DFF670469F941B74 /* Observer.swift */,
				17FD06FC32F390C28DCEACFD /* Notification */,
				17FD0A010968BB7818029A44 /* Event */,
				17FD0B88160AFAF5A78D4B3A /* Hotkey */,
				17FD09F1D55428F9F2757251 /* Observer.HandlerDefinition.swift */,
			);
			path = Observer;
			sourceTree = "<group>";
		};
		17FD0A010968BB7818029A44 /* Event */ = {
			isa = PBXGroup;
			children = (
				17FD04EF01FB44C8E29934D6 /* Observer.Event.swift */,
				17FD00D2F27DC335914EDDAE /* Observer.Event.Handler.AppKit.swift */,
				17FD093835E63ED2A8E04C99 /* Observer.Event.Handler.swift */,
				17FD0A5B9FE9D76B1B5D3FEA /* Observer.Event.Handler.Carbon.swift */,
			);
			path = Event;
			sourceTree = "<group>";
		};
		17FD0A6F774EB410DD7ED045 /* dsym */ = {
			isa = PBXGroup;
			children = (
				E609DC8C1E7BCA3200F919DD /* Nimble.framework.dSYM */,
			);
			name = dsym;
			sourceTree = "<group>";
		};
		17FD0B88160AFAF5A78D4B3A /* Hotkey */ = {
			isa = PBXGroup;
			children = (
				17FD034777F15075897ECD84 /* Observer.Hotkey.swift */,
				17FD02B6BCD2C12F1A402205 /* Observer.Hotkey.Handler.swift */,
				17FD05D9DDEAFB817AB71100 /* Observer.Hotkey.Recorder.Button.swift */,
				17FD07DFB87968CE44E73133 /* Observer.Hotkey.Center.swift */,
				17FD05D4744DE4E93FCA2A14 /* Observer.Hotkey.Recorder.swift */,
			);
			path = Hotkey;
			sourceTree = "<group>";
		};
		17FD0BB4EDB0784084E6A631 /* source */ = {
			isa = PBXGroup;
			children = (
				17FD089C8664FB313E80DF90 /* Entrypoint */,
				17FD04BC6D1517A1877DF6AA /* Extension */,
				17FD0F63A9FCC5EE5BF5BF3C /* Foundation */,
				17FD03C88C65581F4F467F24 /* Keyboard */,
				17FD09E5630899D473818F6E /* Observer */,
				17FD0C0B4D35244EE676FCA4 /* Test */,
				17FD0FB8D2914AE0514DDA88 /* Testing */,
				17FD0933F31CFB1079F482F7 /* Observatory.h */,
			);
			path = source;
			sourceTree = "<group>";
		};
		17FD0BC91D0D2FD955C78937 /* Observer */ = {
			isa = PBXGroup;
			children = (
				17FD01157083D648768FA804 /* Test.Observer.Notification.swift */,
				17FD0C4CA3A8D388D3EDFC77 /* Test.Observer.Event.swift */,
				17FD0FA9B7B55F5A9F01448A /* Test.Observer.Hotkey.swift */,
			);
			path = Observer;
			sourceTree = "<group>";
		};
		17FD0C0B4D35244EE676FCA4 /* Test */ = {
			isa = PBXGroup;
			children = (
				17FD0BC91D0D2FD955C78937 /* Observer */,
				17FD062C23AFC4EC0D4C1BBA /* Keyboard */,
			);
			path = Test;
			sourceTree = "<group>";
		};
		17FD0F63A9FCC5EE5BF5BF3C /* Foundation */ = {
			isa = PBXGroup;
			children = (
				17FD08455945E88D99F54C32 /* Foundation.Weak.swift */,
			);
			path = Foundation;
			sourceTree = "<group>";
		};
		17FD0FB8D2914AE0514DDA88 /* Testing */ = {
			isa = PBXGroup;
			children = (
				17FD01F69348345CA7287D75 /* Testing.Observation.swift */,
				17FD0177279F255CBBB34499 /* Testing.Event.swift */,
			);
			path = Testing;
			sourceTree = "<group>";
		};
		692739BC3F963DB95B757C64 /* info */ = {
			isa = PBXGroup;
			children = (
				691492DAECCDA8F37886F020 /* framework.plist */,
				692C0EE3AC3E3172836E1B96 /* hotkey.plist */,
				17FD049B29A650BABBC10CC6 /* test.plist */,
			);
			path = info;
			sourceTree = "<group>";
		};
		69FE70738BA9A7D2F71070B9 /* storyboard */ = {
			isa = PBXGroup;
			children = (
				E609DC891E7BC8C400F919DD /* hotkey.storyboard */,
			);
			path = storyboard;
			sourceTree = "<group>";
		};
		E6D764201CDDBA100071CCB0 = {
			isa = PBXGroup;
			children = (
				17FD030F7F2C5CA3191B2040 /* accessory */,
				17FD0498F691994B815B5FB3 /* dependency */,
				E6D7642B1CDDBA100071CCB0 /* product */,
				17FD0BB4EDB0784084E6A631 /* source */,
				697EDBC98FFDECF7FF264F3A /* README.md */,
			);
			sourceTree = "<group>";
		};
		E6D7642B1CDDBA100071CCB0 /* product */ = {
			isa = PBXGroup;
			children = (
				E6D7642A1CDDBA100071CCB0 /* Observatory.framework */,
				E69200F31CDDE19100C4FEAD /* Observatory - Test.xctest */,
				087EE7921E1C1FF500093E0E /* Hotkey.app */,
			);
			name = product;
			sourceTree = "<group>";
		};
/* End PBXGroup section */

/* Begin PBXHeadersBuildPhase section */
		E6D764271CDDBA100071CCB0 /* Headers */ = {
			isa = PBXHeadersBuildPhase;
			buildActionMask = 2147483647;
			files = (
				17FD072C4DD0B0017FFE7736 /* Observatory.h in Headers */,
			);
			runOnlyForDeploymentPostprocessing = 0;
		};
/* End PBXHeadersBuildPhase section */

/* Begin PBXNativeTarget section */
		087EE7911E1C1FF500093E0E /* Hotkey */ = {
			isa = PBXNativeTarget;
			buildConfigurationList = 087EE7A01E1C1FF500093E0E /* Build configuration list for PBXNativeTarget "Hotkey" */;
			buildPhases = (
				087EE78E1E1C1FF500093E0E /* Sources */,
				087EE78F1E1C1FF500093E0E /* Frameworks */,
				087EE7901E1C1FF500093E0E /* Resources */,
			);
			buildRules = (
			);
			dependencies = (
				087EE7A31E1C26EE00093E0E /* PBXTargetDependency */,
			);
			name = Hotkey;
			productName = Hotkey;
			productReference = 087EE7921E1C1FF500093E0E /* Hotkey.app */;
			productType = "com.apple.product-type.application";
		};
		E69200F21CDDE19100C4FEAD /* Observatory - Test */ = {
			isa = PBXNativeTarget;
			buildConfigurationList = E69200FD1CDDE19200C4FEAD /* Build configuration list for PBXNativeTarget "Observatory - Test" */;
			buildPhases = (
				E69200EF1CDDE19100C4FEAD /* Sources */,
				E69200F01CDDE19100C4FEAD /* Frameworks */,
				E69201021CDDEA7B00C4FEAD /* CopyFiles */,
			);
			buildRules = (
			);
			dependencies = (
				E69200FA1CDDE19200C4FEAD /* PBXTargetDependency */,
			);
			name = "Observatory - Test";
			productName = Observatoryt;
			productReference = E69200F31CDDE19100C4FEAD /* Observatory - Test.xctest */;
			productType = "com.apple.product-type.bundle.unit-test";
		};
		E6D764291CDDBA100071CCB0 /* Observatory */ = {
			isa = PBXNativeTarget;
			buildConfigurationList = E6D764321CDDBA100071CCB0 /* Build configuration list for PBXNativeTarget "Observatory" */;
			buildPhases = (
				E6D764251CDDBA100071CCB0 /* Sources */,
				E6D764261CDDBA100071CCB0 /* Frameworks */,
				E6D764271CDDBA100071CCB0 /* Headers */,
				E6D764281CDDBA100071CCB0 /* Resources */,
			);
			buildRules = (
			);
			dependencies = (
			);
			name = Observatory;
			productName = Observatory;
			productReference = E6D7642A1CDDBA100071CCB0 /* Observatory.framework */;
			productType = "com.apple.product-type.framework";
		};
/* End PBXNativeTarget section */

/* Begin PBXProject section */
		E6D764211CDDBA100071CCB0 /* Project object */ = {
			isa = PBXProject;
			attributes = {
				LastSwiftUpdateCheck = 0730;
				LastUpgradeCheck = 0820;
				ORGANIZATIONNAME = Swifteroid;
				TargetAttributes = {
					087EE7911E1C1FF500093E0E = {
						CreatedOnToolsVersion = 7.3.1;
						LastSwiftMigration = 0820;
					};
					E69200F21CDDE19100C4FEAD = {
						CreatedOnToolsVersion = 7.3;
						LastSwiftMigration = 0820;
					};
					E6D764291CDDBA100071CCB0 = {
						CreatedOnToolsVersion = 7.3;
						LastSwiftMigration = 0820;
						ProvisioningStyle = Automatic;
					};
				};
			};
			buildConfigurationList = E6D764241CDDBA100071CCB0 /* Build configuration list for PBXProject "Observatory" */;
			compatibilityVersion = "Xcode 8.0";
			developmentRegion = English;
			hasScannedForEncodings = 0;
			knownRegions = (
				en,
				Base,
			);
			mainGroup = E6D764201CDDBA100071CCB0;
			productRefGroup = E6D7642B1CDDBA100071CCB0 /* product */;
			projectDirPath = "";
			projectRoot = "";
			targets = (
				E6D764291CDDBA100071CCB0 /* Observatory */,
				E69200F21CDDE19100C4FEAD /* Observatory - Test */,
				087EE7911E1C1FF500093E0E /* Hotkey */,
			);
		};
/* End PBXProject section */

/* Begin PBXResourcesBuildPhase section */
		087EE7901E1C1FF500093E0E /* Resources */ = {
			isa = PBXResourcesBuildPhase;
			buildActionMask = 2147483647;
			files = (
				E609DC8B1E7BC8CA00F919DD /* hotkey.storyboard in Resources */,
			);
			runOnlyForDeploymentPostprocessing = 0;
		};
		E6D764281CDDBA100071CCB0 /* Resources */ = {
			isa = PBXResourcesBuildPhase;
			buildActionMask = 2147483647;
			files = (
			);
			runOnlyForDeploymentPostprocessing = 0;
		};
/* End PBXResourcesBuildPhase section */

/* Begin PBXSourcesBuildPhase section */
		087EE78E1E1C1FF500093E0E /* Sources */ = {
			isa = PBXSourcesBuildPhase;
			buildActionMask = 2147483647;
			files = (
				17FD0ABB4197AACD5B461AB1 /* Entrypoint.Hotkey.swift in Sources */,
			);
			runOnlyForDeploymentPostprocessing = 0;
		};
		E69200EF1CDDE19100C4FEAD /* Sources */ = {
			isa = PBXSourcesBuildPhase;
			buildActionMask = 2147483647;
			files = (
				17FD0F8F05E2920A2155E41F /* Testing.Observation.swift in Sources */,
				17FD0FED034A189CB58B0F97 /* Testing.Event.swift in Sources */,
				17FD016C75BB3C927DA98687 /* Test.Observer.Notification.swift in Sources */,
				17FD04D862C7A13AE2F43AEF /* Test.Observer.Event.swift in Sources */,
				17FD09B2BB5295082A82F90E /* Test.Observer.Hotkey.swift in Sources */,
				17FD087C06620E6017B3A284 /* Test.Keyboard.Key.swift in Sources */,
				17FD0297C0436363B90AD70B /* Test.Keyboard.Hotkey.swift in Sources */,
			);
			runOnlyForDeploymentPostprocessing = 0;
		};
		E6D764251CDDBA100071CCB0 /* Sources */ = {
			isa = PBXSourcesBuildPhase;
			buildActionMask = 2147483647;
			files = (
				17FD0394C07886B6F517ADC2 /* Extension.Carbon.swift in Sources */,
				17FD0333BF3DE85D648C5FAF /* Foundation.Weak.swift in Sources */,
				17FD0EAD038EFB45D7F88400 /* Keyboard.Key.swift in Sources */,
				17FD0FE4E3F8DE351D981A5F /* Keyboard.Modifier.swift in Sources */,
				17FD0EEC2A507AF66A0A0E36 /* Keyboard.Hotkey.swift in Sources */,
				17FD0AC48080C799A307B828 /* Observer.swift in Sources */,
				17FD02874D9AFD2E2CB0FA64 /* Observer.Notification.swift in Sources */,
				17FD02049992AB6759BAF035 /* Observer.Notification.Handler.swift in Sources */,
				17FD05A3415AA3A589D05605 /* Observer.Event.swift in Sources */,
				17FD04A43F36324EF4643B6A /* Observer.Event.Handler.swift in Sources */,
				17FD0B840CACA4C9A3A41ECC /* Observer.Event.Handler.AppKit.swift in Sources */,
				17FD08FBEAA7C969C52E992F /* Observer.Event.Handler.Carbon.swift in Sources */,
				17FD0C06D58B5AD1AE56E50C /* Observer.Hotkey.swift in Sources */,
				17FD0D2580443B055F56A981 /* Observer.Hotkey.Handler.swift in Sources */,
				17FD028E20DE493318D97F7B /* Observer.Hotkey.Recorder.Button.swift in Sources */,
				17FD038F76693E9764B6C39D /* Observer.Hotkey.Center.swift in Sources */,
				17FD07F9F23B631E4637D0A6 /* Observer.Hotkey.Recorder.swift in Sources */,
				17FD039587A3A991023C8AD2 /* Observer.HandlerDefinition.swift in Sources */,
			);
			runOnlyForDeploymentPostprocessing = 0;
		};
/* End PBXSourcesBuildPhase section */

/* Begin PBXTargetDependency section */
		087EE7A31E1C26EE00093E0E /* PBXTargetDependency */ = {
			isa = PBXTargetDependency;
			target = E6D764291CDDBA100071CCB0 /* Observatory */;
			targetProxy = 087EE7A21E1C26EE00093E0E /* PBXContainerItemProxy */;
		};
		E69200FA1CDDE19200C4FEAD /* PBXTargetDependency */ = {
			isa = PBXTargetDependency;
			target = E6D764291CDDBA100071CCB0 /* Observatory */;
			targetProxy = E69200F91CDDE19200C4FEAD /* PBXContainerItemProxy */;
		};
/* End PBXTargetDependency section */

/* Begin XCBuildConfiguration section */
		087EE79E1E1C1FF500093E0E /* Debug */ = {
			isa = XCBuildConfiguration;
			baseConfigurationReference = 17FD016E3AC5B7437BE4F07B /* macOS - Application.xcconfig */;
			buildSettings = {
				INFOPLIST_FILE = "$(inherited)/../$(TARGET_NAME:lower).plist";
				MACOSX_DEPLOYMENT_TARGET = 10.12;
			};
			name = Debug;
		};
		087EE79F1E1C1FF500093E0E /* Release */ = {
			isa = XCBuildConfiguration;
			baseConfigurationReference = 17FD016E3AC5B7437BE4F07B /* macOS - Application.xcconfig */;
			buildSettings = {
				INFOPLIST_FILE = "$(inherited)/../$(TARGET_NAME:lower).plist";
				MACOSX_DEPLOYMENT_TARGET = 10.12;
			};
			name = Release;
		};
		E69200FB1CDDE19200C4FEAD /* Debug */ = {
			isa = XCBuildConfiguration;
			baseConfigurationReference = 17FD08C9C8536FA561C0E4C5 /* Test.xcconfig */;
			buildSettings = {
			};
			name = Debug;
		};
		E69200FC1CDDE19200C4FEAD /* Release */ = {
			isa = XCBuildConfiguration;
			baseConfigurationReference = 17FD08C9C8536FA561C0E4C5 /* Test.xcconfig */;
			buildSettings = {
			};
			name = Release;
		};
		E6D764301CDDBA100071CCB0 /* Debug */ = {
			isa = XCBuildConfiguration;
			baseConfigurationReference = 17FD0ED96CA8568E523C05EA /* Base - Debug.xcconfig */;
			buildSettings = {
				FRAMEWORK_SEARCH_PATHS = dependency/Carthage/Build/Mac;
				MACOSX_DEPLOYMENT_TARGET = 10.10;
				PRODUCT_BUNDLE_IDENTIFIER = com.swifteroid.observatory;
				SWIFT_VERSION = 4.0;
			};
			name = Debug;
		};
		E6D764311CDDBA100071CCB0 /* Release */ = {
			isa = XCBuildConfiguration;
			baseConfigurationReference = 17FD0153D441DBE8117C8705 /* Base - Release.xcconfig */;
			buildSettings = {
				FRAMEWORK_SEARCH_PATHS = dependency/Carthage/Build/Mac;
				MACOSX_DEPLOYMENT_TARGET = 10.10;
				PRODUCT_BUNDLE_IDENTIFIER = com.swifteroid.observatory;
				SWIFT_VERSION = 4.0;
			};
			name = Release;
		};
		E6D764331CDDBA100071CCB0 /* Debug */ = {
			isa = XCBuildConfiguration;
			baseConfigurationReference = 17FD00D92CE5001C977C34C8 /* macOS - Framework.xcconfig */;
			buildSettings = {
			};
			name = Debug;
		};
		E6D764341CDDBA100071CCB0 /* Release */ = {
			isa = XCBuildConfiguration;
			baseConfigurationReference = 17FD00D92CE5001C977C34C8 /* macOS - Framework.xcconfig */;
			buildSettings = {
			};
			name = Release;
		};
/* End XCBuildConfiguration section */

/* Begin XCConfigurationList section */
		087EE7A01E1C1FF500093E0E /* Build configuration list for PBXNativeTarget "Hotkey" */ = {
			isa = XCConfigurationList;
			buildConfigurations = (
				087EE79E1E1C1FF500093E0E /* Debug */,
				087EE79F1E1C1FF500093E0E /* Release */,
			);
			defaultConfigurationIsVisible = 0;
			defaultConfigurationName = Release;
		};
		E69200FD1CDDE19200C4FEAD /* Build configuration list for PBXNativeTarget "Observatory - Test" */ = {
			isa = XCConfigurationList;
			buildConfigurations = (
				E69200FB1CDDE19200C4FEAD /* Debug */,
				E69200FC1CDDE19200C4FEAD /* Release */,
			);
			defaultConfigurationIsVisible = 0;
			defaultConfigurationName = Release;
		};
		E6D764241CDDBA100071CCB0 /* Build configuration list for PBXProject "Observatory" */ = {
			isa = XCConfigurationList;
			buildConfigurations = (
				E6D764301CDDBA100071CCB0 /* Debug */,
				E6D764311CDDBA100071CCB0 /* Release */,
			);
			defaultConfigurationIsVisible = 0;
			defaultConfigurationName = Release;
		};
		E6D764321CDDBA100071CCB0 /* Build configuration list for PBXNativeTarget "Observatory" */ = {
			isa = XCConfigurationList;
			buildConfigurations = (
				E6D764331CDDBA100071CCB0 /* Debug */,
				E6D764341CDDBA100071CCB0 /* Release */,
			);
			defaultConfigurationIsVisible = 0;
			defaultConfigurationName = Release;
		};
/* End XCConfigurationList section */
	};
	rootObject = E6D764211CDDBA100071CCB0 /* Project object */;
}
