// !$*UTF8*$!
{
	archiveVersion = 1;
	classes = {
	};
	objectVersion = 48;
	objects = {

/* Begin PBXBuildFile section */
		17FD00154E7DD4027591C5D2 /* Testing.Observation.swift in Sources */ = {isa = PBXBuildFile; fileRef = 17FD0B7E4C2ACF3D110CDA9D /* Testing.Observation.swift */; };
		17FD00CB84FB669705C7E473 /* Keyboard.Key.swift in Sources */ = {isa = PBXBuildFile; fileRef = 17FD0A54F5667F4CE29E2B39 /* Keyboard.Key.swift */; };
		17FD012B602860A1D459E05A /* Observer.Hotkey.swift in Sources */ = {isa = PBXBuildFile; fileRef = 17FD0C0324E5560F5F80CA45 /* Observer.Hotkey.swift */; };
		17FD0156D1758DD5200998BE /* Test.swift in Sources */ = {isa = PBXBuildFile; fileRef = 17FD078E512F21A8ECE8F335 /* Test.swift */; };
		17FD0162D167D444D8E5ED9A /* Entrypoint.swift in Sources */ = {isa = PBXBuildFile; fileRef = 17FD08D461EB26AE885B82AC /* Entrypoint.swift */; };
		17FD01726959797D8FD95CC0 /* Test.Observer.Center.swift in Sources */ = {isa = PBXBuildFile; fileRef = 17FD05BA1A9CA829517CF9E5 /* Test.Observer.Center.swift */; };
		17FD01BE2C8AF0115AE9DF8E /* Test.Observer.Notification.swift in Sources */ = {isa = PBXBuildFile; fileRef = 17FD0549D3EA10134DC784A3 /* Test.Observer.Notification.swift */; };
		17FD01D475A336AA93EC9F2F /* Keyboard.Modifier.swift in Sources */ = {isa = PBXBuildFile; fileRef = 17FD0A7C14DC5A257B15375D /* Keyboard.Modifier.swift */; };
		17FD028A9B91583E857EF5EF /* Test.Observer.Event.swift in Sources */ = {isa = PBXBuildFile; fileRef = 17FD08E9489864D454E503B4 /* Test.Observer.Event.swift */; };
		17FD0328BCF34B7BF64C7670 /* Observer.Event.swift in Sources */ = {isa = PBXBuildFile; fileRef = 17FD03560E1CD18D16062849 /* Observer.Event.swift */; };
		17FD03551EEEDCD9AC72C8C1 /* Foundation.Weak.swift in Sources */ = {isa = PBXBuildFile; fileRef = 17FD01A9278B0EB4D979293E /* Foundation.Weak.swift */; };
		17FD039219FCE49AC94E432F /* Observer.Hotkey.Center.swift in Sources */ = {isa = PBXBuildFile; fileRef = 17FD0C77FE455F60AA173A5D /* Observer.Hotkey.Center.swift */; };
		17FD03B3118DEE40664EFF97 /* Extension.Carbon.swift in Sources */ = {isa = PBXBuildFile; fileRef = 17FD0FC46CCA34ABA0BED1CB /* Extension.Carbon.swift */; };
		17FD057B880D845188EA2DC8 /* Testing.Event.swift in Sources */ = {isa = PBXBuildFile; fileRef = 17FD0CC52C2436784A911E89 /* Testing.Event.swift */; };
		17FD062C3246D204FE4BD93B /* Observer.Notification.swift in Sources */ = {isa = PBXBuildFile; fileRef = 17FD009919B2E0C5C02AE1FB /* Observer.Notification.swift */; };
		17FD066C556A49EB63E661CC /* Observer.Notification.Handler.swift in Sources */ = {isa = PBXBuildFile; fileRef = 17FD0916F82FAC336830F9E0 /* Observer.Notification.Handler.swift */; };
		17FD088C42F60A74F1C81846 /* Test.Keyboard.Key.swift in Sources */ = {isa = PBXBuildFile; fileRef = 17FD04EB71CD7024929F934F /* Test.Keyboard.Key.swift */; };
		17FD08BD0A91FD8A01FBD698 /* Observer.swift in Sources */ = {isa = PBXBuildFile; fileRef = 17FD0EC2D909CCE6E3BC8A9E /* Observer.swift */; };
		17FD09D3A526167E7A8F531D /* Test.Observer.Hotkey.swift in Sources */ = {isa = PBXBuildFile; fileRef = 17FD0AE28489C20294DE5E48 /* Test.Observer.Hotkey.swift */; };
		17FD0A09CC6EAEF2CD550FE5 /* Observer.Hotkey.Recorder.swift in Sources */ = {isa = PBXBuildFile; fileRef = 17FD0D519D5AF487EBB652BE /* Observer.Hotkey.Recorder.swift */; };
		17FD0A41F80C0E3C87DFF5C2 /* Observatory.h in Headers */ = {isa = PBXBuildFile; fileRef = 17FD0D3172AE37DB859D5545 /* Observatory.h */; settings = {ATTRIBUTES = (Public, ); }; };
		17FD0A6270752A2959E61CF9 /* Keyboard.Hotkey.swift in Sources */ = {isa = PBXBuildFile; fileRef = 17FD017771C4B54857A16DAD /* Keyboard.Hotkey.swift */; };
		17FD0A7B3145FFD47C972C40 /* Observer.Event.Handler.swift in Sources */ = {isa = PBXBuildFile; fileRef = 17FD0007A26B7B85FC5190C0 /* Observer.Event.Handler.swift */; };
		17FD0BCDD00D6AF24E42FBD6 /* Observer.HandlerDefinition.swift in Sources */ = {isa = PBXBuildFile; fileRef = 17FD0D539B72A4A1B5DFCEBE /* Observer.HandlerDefinition.swift */; };
		17FD0C1A4329D5233941DDE4 /* Test.Keyboard.Hotkey.swift in Sources */ = {isa = PBXBuildFile; fileRef = 17FD01507DE6860A0089FEAF /* Test.Keyboard.Hotkey.swift */; };
		17FD0D9C31AB2F20A256C32E /* Observer.Hotkey.Recorder.Button.swift in Sources */ = {isa = PBXBuildFile; fileRef = 17FD0AAFBA1EB1B42F00ABE2 /* Observer.Hotkey.Recorder.Button.swift */; };
		17FD0E596C7B56AEB4865F6A /* Observer.Hotkey.Handler.swift in Sources */ = {isa = PBXBuildFile; fileRef = 17FD0F7C4A53D96FBDB8674E /* Observer.Hotkey.Handler.swift */; };
		E609DC8B1E7BC8CA00F919DD /* demo.storyboard in Resources */ = {isa = PBXBuildFile; fileRef = E609DC891E7BC8C400F919DD /* demo.storyboard */; };
/* End PBXBuildFile section */

/* Begin PBXContainerItemProxy section */
		087EE7A21E1C26EE00093E0E /* PBXContainerItemProxy */ = {
			isa = PBXContainerItemProxy;
			containerPortal = E6D764211CDDBA100071CCB0 /* Project object */;
			proxyType = 1;
			remoteGlobalIDString = E6D764291CDDBA100071CCB0;
			remoteInfo = Observatory;
		};
		E69200F91CDDE19200C4FEAD /* PBXContainerItemProxy */ = {
			isa = PBXContainerItemProxy;
			containerPortal = E6D764211CDDBA100071CCB0 /* Project object */;
			proxyType = 1;
			remoteGlobalIDString = E6D764291CDDBA100071CCB0;
			remoteInfo = Observatory;
		};
/* End PBXContainerItemProxy section */

/* Begin PBXFileReference section */
		087EE7921E1C1FF500093E0E /* Demo - Hotkey Recorder.app */ = {isa = PBXFileReference; explicitFileType = wrapper.application; includeInIndex = 0; path = "Demo - Hotkey Recorder.app"; sourceTree = BUILT_PRODUCTS_DIR; };
		17FD0007A26B7B85FC5190C0 /* Observer.Event.Handler.swift */ = {isa = PBXFileReference; fileEncoding = 4; lastKnownFileType = sourcecode.swift; path = Observer.Event.Handler.swift; sourceTree = "<group>"; };
		17FD004596B009984060737D /* Nimble.framework */ = {isa = PBXFileReference; lastKnownFileType = wrapper.framework; name = Nimble.framework; path = Carthage/Build/Mac/Nimble.framework; sourceTree = "<group>"; };
		17FD009919B2E0C5C02AE1FB /* Observer.Notification.swift */ = {isa = PBXFileReference; fileEncoding = 4; lastKnownFileType = sourcecode.swift; path = Observer.Notification.swift; sourceTree = "<group>"; };
		17FD00D92CE5001C977C34C8 /* macOS - Framework.xcconfig */ = {isa = PBXFileReference; fileEncoding = 4; lastKnownFileType = text.xcconfig; path = "macOS - Framework.xcconfig"; sourceTree = "<group>"; };
		17FD01507DE6860A0089FEAF /* Test.Keyboard.Hotkey.swift */ = {isa = PBXFileReference; fileEncoding = 4; lastKnownFileType = sourcecode.swift; path = Test.Keyboard.Hotkey.swift; sourceTree = "<group>"; };
		17FD0152B633954A227E8C79 /* Observatory.podspec */ = {isa = PBXFileReference; lastKnownFileType = file.podspec; path = Observatory.podspec; sourceTree = "<group>"; };
		17FD0153D441DBE8117C8705 /* Base - Release.xcconfig */ = {isa = PBXFileReference; fileEncoding = 4; lastKnownFileType = text.xcconfig; path = "Base - Release.xcconfig"; sourceTree = "<group>"; };
		17FD016E3AC5B7437BE4F07B /* macOS - Application.xcconfig */ = {isa = PBXFileReference; fileEncoding = 4; lastKnownFileType = text.xcconfig; path = "macOS - Application.xcconfig"; sourceTree = "<group>"; };
		17FD017771C4B54857A16DAD /* Keyboard.Hotkey.swift */ = {isa = PBXFileReference; fileEncoding = 4; lastKnownFileType = sourcecode.swift; path = Keyboard.Hotkey.swift; sourceTree = "<group>"; };
		17FD01A9278B0EB4D979293E /* Foundation.Weak.swift */ = {isa = PBXFileReference; fileEncoding = 4; lastKnownFileType = sourcecode.swift; path = Foundation.Weak.swift; sourceTree = "<group>"; };
		17FD03560E1CD18D16062849 /* Observer.Event.swift */ = {isa = PBXFileReference; fileEncoding = 4; lastKnownFileType = sourcecode.swift; path = Observer.Event.swift; sourceTree = "<group>"; };
		17FD049B29A650BABBC10CC6 /* test.plist */ = {isa = PBXFileReference; fileEncoding = 4; lastKnownFileType = text.plist; path = test.plist; sourceTree = "<group>"; };
		17FD04EB71CD7024929F934F /* Test.Keyboard.Key.swift */ = {isa = PBXFileReference; fileEncoding = 4; lastKnownFileType = sourcecode.swift; path = Test.Keyboard.Key.swift; sourceTree = "<group>"; };
		17FD0549D3EA10134DC784A3 /* Test.Observer.Notification.swift */ = {isa = PBXFileReference; fileEncoding = 4; lastKnownFileType = sourcecode.swift; path = Test.Observer.Notification.swift; sourceTree = "<group>"; };
		17FD05BA1A9CA829517CF9E5 /* Test.Observer.Center.swift */ = {isa = PBXFileReference; fileEncoding = 4; lastKnownFileType = sourcecode.swift; path = Test.Observer.Center.swift; sourceTree = "<group>"; };
		17FD078E512F21A8ECE8F335 /* Test.swift */ = {isa = PBXFileReference; fileEncoding = 4; lastKnownFileType = sourcecode.swift; path = Test.swift; sourceTree = "<group>"; };
		17FD08C9C8536FA561C0E4C5 /* Test.xcconfig */ = {isa = PBXFileReference; fileEncoding = 4; lastKnownFileType = text.xcconfig; path = Test.xcconfig; sourceTree = "<group>"; };
		17FD08D461EB26AE885B82AC /* Entrypoint.swift */ = {isa = PBXFileReference; fileEncoding = 4; lastKnownFileType = sourcecode.swift; path = Entrypoint.swift; sourceTree = "<group>"; };
		17FD08E9489864D454E503B4 /* Test.Observer.Event.swift */ = {isa = PBXFileReference; fileEncoding = 4; lastKnownFileType = sourcecode.swift; path = Test.Observer.Event.swift; sourceTree = "<group>"; };
		17FD0916F82FAC336830F9E0 /* Observer.Notification.Handler.swift */ = {isa = PBXFileReference; fileEncoding = 4; lastKnownFileType = sourcecode.swift; path = Observer.Notification.Handler.swift; sourceTree = "<group>"; };
		17FD09DEC21D8E672877A6C0 /* Cartfile.private */ = {isa = PBXFileReference; lastKnownFileType = file.private; path = Cartfile.private; sourceTree = "<group>"; };
		17FD0A54F5667F4CE29E2B39 /* Keyboard.Key.swift */ = {isa = PBXFileReference; fileEncoding = 4; lastKnownFileType = sourcecode.swift; path = Keyboard.Key.swift; sourceTree = "<group>"; };
		17FD0A7C14DC5A257B15375D /* Keyboard.Modifier.swift */ = {isa = PBXFileReference; fileEncoding = 4; lastKnownFileType = sourcecode.swift; path = Keyboard.Modifier.swift; sourceTree = "<group>"; };
		17FD0AAFBA1EB1B42F00ABE2 /* Observer.Hotkey.Recorder.Button.swift */ = {isa = PBXFileReference; fileEncoding = 4; lastKnownFileType = sourcecode.swift; path = Observer.Hotkey.Recorder.Button.swift; sourceTree = "<group>"; };
		17FD0AE28489C20294DE5E48 /* Test.Observer.Hotkey.swift */ = {isa = PBXFileReference; fileEncoding = 4; lastKnownFileType = sourcecode.swift; path = Test.Observer.Hotkey.swift; sourceTree = "<group>"; };
		17FD0B7E4C2ACF3D110CDA9D /* Testing.Observation.swift */ = {isa = PBXFileReference; fileEncoding = 4; lastKnownFileType = sourcecode.swift; path = Testing.Observation.swift; sourceTree = "<group>"; };
		17FD0C0324E5560F5F80CA45 /* Observer.Hotkey.swift */ = {isa = PBXFileReference; fileEncoding = 4; lastKnownFileType = sourcecode.swift; path = Observer.Hotkey.swift; sourceTree = "<group>"; };
		17FD0C77FE455F60AA173A5D /* Observer.Hotkey.Center.swift */ = {isa = PBXFileReference; fileEncoding = 4; lastKnownFileType = sourcecode.swift; path = Observer.Hotkey.Center.swift; sourceTree = "<group>"; };
		17FD0CC52C2436784A911E89 /* Testing.Event.swift */ = {isa = PBXFileReference; fileEncoding = 4; lastKnownFileType = sourcecode.swift; path = Testing.Event.swift; sourceTree = "<group>"; };
		17FD0D3172AE37DB859D5545 /* Observatory.h */ = {isa = PBXFileReference; fileEncoding = 4; lastKnownFileType = sourcecode.c.h; path = Observatory.h; sourceTree = "<group>"; };
		17FD0D519D5AF487EBB652BE /* Observer.Hotkey.Recorder.swift */ = {isa = PBXFileReference; fileEncoding = 4; lastKnownFileType = sourcecode.swift; path = Observer.Hotkey.Recorder.swift; sourceTree = "<group>"; };
		17FD0D539B72A4A1B5DFCEBE /* Observer.HandlerDefinition.swift */ = {isa = PBXFileReference; fileEncoding = 4; lastKnownFileType = sourcecode.swift; path = Observer.HandlerDefinition.swift; sourceTree = "<group>"; };
		17FD0EC2D909CCE6E3BC8A9E /* Observer.swift */ = {isa = PBXFileReference; fileEncoding = 4; lastKnownFileType = sourcecode.swift; path = Observer.swift; sourceTree = "<group>"; };
		17FD0ED96CA8568E523C05EA /* Base - Debug.xcconfig */ = {isa = PBXFileReference; fileEncoding = 4; lastKnownFileType = text.xcconfig; path = "Base - Debug.xcconfig"; sourceTree = "<group>"; };
		17FD0F7C4A53D96FBDB8674E /* Observer.Hotkey.Handler.swift */ = {isa = PBXFileReference; fileEncoding = 4; lastKnownFileType = sourcecode.swift; path = Observer.Hotkey.Handler.swift; sourceTree = "<group>"; };
		17FD0FC46CCA34ABA0BED1CB /* Extension.Carbon.swift */ = {isa = PBXFileReference; fileEncoding = 4; lastKnownFileType = sourcecode.swift; path = Extension.Carbon.swift; sourceTree = "<group>"; };
		691492DAECCDA8F37886F020 /* framework.plist */ = {isa = PBXFileReference; fileEncoding = 4; lastKnownFileType = text.plist; path = framework.plist; sourceTree = "<group>"; };
		692C0EE3AC3E3172836E1B96 /* demo.plist */ = {isa = PBXFileReference; fileEncoding = 4; lastKnownFileType = text.plist.xml; path = demo.plist; sourceTree = "<group>"; };
		697EDBC98FFDECF7FF264F3A /* README.md */ = {isa = PBXFileReference; fileEncoding = 4; lastKnownFileType = net.daringfireball.markdown; path = README.md; sourceTree = "<group>"; };
		69D782B1BF1A76BD24B7144E /* Cartfile.resolved */ = {isa = PBXFileReference; lastKnownFileType = file.resolved; path = Cartfile.resolved; sourceTree = "<group>"; };
		E609DC891E7BC8C400F919DD /* demo.storyboard */ = {isa = PBXFileReference; fileEncoding = 4; lastKnownFileType = file.storyboard; path = demo.storyboard; sourceTree = "<group>"; };
		E609DC8C1E7BCA3200F919DD /* Nimble.framework.dSYM */ = {isa = PBXFileReference; lastKnownFileType = wrapper.dsym; name = Nimble.framework.dSYM; path = Carthage/Build/Mac/Nimble.framework.dSYM; sourceTree = "<group>"; };
		E69200F31CDDE19100C4FEAD /* Observatory - Test.xctest */ = {isa = PBXFileReference; explicitFileType = wrapper.cfbundle; includeInIndex = 0; path = "Observatory - Test.xctest"; sourceTree = BUILT_PRODUCTS_DIR; };
		E6D7642A1CDDBA100071CCB0 /* Observatory.framework */ = {isa = PBXFileReference; explicitFileType = wrapper.framework; includeInIndex = 0; path = Observatory.framework; sourceTree = BUILT_PRODUCTS_DIR; };
/* End PBXFileReference section */

/* Begin PBXGroup section */
		17FD00AF91A500EDFD52854A /* Observer */ = {
			isa = PBXGroup;
			children = (
				17FD0549D3EA10134DC784A3 /* Test.Observer.Notification.swift */,
				17FD08E9489864D454E503B4 /* Test.Observer.Event.swift */,
				17FD0AE28489C20294DE5E48 /* Test.Observer.Hotkey.swift */,
				17FD05BA1A9CA829517CF9E5 /* Test.Observer.Center.swift */,
			);
			path = Observer;
			sourceTree = "<group>";
		};
		17FD021F68C207D6BE5401EE /* configuration */ = {
			isa = PBXGroup;
			children = (
				17FD067BD7183F4497D8FE33 /* Configuration */,
				17FD045154CDB984B09CE2DB /* Target */,
			);
			name = configuration;
			sourceTree = "<group>";
		};
		17FD030F7F2C5CA3191B2040 /* accessory */ = {
			isa = PBXGroup;
			children = (
				17FD021F68C207D6BE5401EE /* configuration */,
				692739BC3F963DB95B757C64 /* info */,
				69FE70738BA9A7D2F71070B9 /* storyboard */,
			);
			path = accessory;
			sourceTree = "<group>";
		};
		17FD03E8A37E50A7B5870714 /* framework */ = {
			isa = PBXGroup;
			children = (
				17FD004596B009984060737D /* Nimble.framework */,
			);
			name = framework;
			sourceTree = "<group>";
		};
		17FD045154CDB984B09CE2DB /* Target */ = {
			isa = PBXGroup;
			children = (
				17FD098E9D4F645F95274057 /* macOS */,
				17FD08C9C8536FA561C0E4C5 /* Test.xcconfig */,
			);
			name = Target;
			path = dependency/git/xenomorph/source/Target;
			sourceTree = SOURCE_ROOT;
		};
		17FD0498F691994B815B5FB3 /* dependency */ = {
			isa = PBXGroup;
			children = (
				17FD0A6F774EB410DD7ED045 /* dsym */,
				17FD03E8A37E50A7B5870714 /* framework */,
				17FD09DEC21D8E672877A6C0 /* Cartfile.private */,
				69D782B1BF1A76BD24B7144E /* Cartfile.resolved */,
			);
			path = dependency;
			sourceTree = "<group>";
		};
		17FD05AECFC1FAE469284C0F /* Keyboard */ = {
			isa = PBXGroup;
			children = (
				17FD017771C4B54857A16DAD /* Keyboard.Hotkey.swift */,
				17FD0A54F5667F4CE29E2B39 /* Keyboard.Key.swift */,
				17FD0A7C14DC5A257B15375D /* Keyboard.Modifier.swift */,
			);
			path = Keyboard;
			sourceTree = "<group>";
		};
		17FD067BD7183F4497D8FE33 /* Configuration */ = {
			isa = PBXGroup;
			children = (
				17FD0ED96CA8568E523C05EA /* Base - Debug.xcconfig */,
				17FD0153D441DBE8117C8705 /* Base - Release.xcconfig */,
			);
			name = Configuration;
			path = dependency/git/xenomorph/source/Configuration;
			sourceTree = SOURCE_ROOT;
		};
		17FD075D9838C94D43A9D2A5 /* Demo */ = {
			isa = PBXGroup;
			children = (
				17FD08D461EB26AE885B82AC /* Entrypoint.swift */,
			);
			path = Demo;
			sourceTree = "<group>";
		};
		17FD079314E43D0AE5DC0DA8 /* Extension */ = {
			isa = PBXGroup;
			children = (
				17FD0FC46CCA34ABA0BED1CB /* Extension.Carbon.swift */,
			);
			path = Extension;
			sourceTree = "<group>";
		};
		17FD0865B2ECB4388EC47754 /* Testing */ = {
			isa = PBXGroup;
			children = (
				17FD0B7E4C2ACF3D110CDA9D /* Testing.Observation.swift */,
				17FD0CC52C2436784A911E89 /* Testing.Event.swift */,
			);
			path = Testing;
			sourceTree = "<group>";
		};
		17FD0930137C805C35C762B4 /* Foundation */ = {
			isa = PBXGroup;
			children = (
				17FD01A9278B0EB4D979293E /* Foundation.Weak.swift */,
			);
			path = Foundation;
			sourceTree = "<group>";
		};
		17FD098E9D4F645F95274057 /* macOS */ = {
			isa = PBXGroup;
			children = (
				17FD00D92CE5001C977C34C8 /* macOS - Framework.xcconfig */,
				17FD016E3AC5B7437BE4F07B /* macOS - Application.xcconfig */,
			);
			path = macOS;
			sourceTree = "<group>";
		};
		17FD09950698908EEF7D7425 /* Notification */ = {
			isa = PBXGroup;
			children = (
				17FD009919B2E0C5C02AE1FB /* Observer.Notification.swift */,
				17FD0916F82FAC336830F9E0 /* Observer.Notification.Handler.swift */,
			);
			path = Notification;
			sourceTree = "<group>";
		};
		17FD09F540CD71F300A55FCB /* Observatory */ = {
			isa = PBXGroup;
			children = (
				17FD0930137C805C35C762B4 /* Foundation */,
				17FD079314E43D0AE5DC0DA8 /* Extension */,
				17FD05AECFC1FAE469284C0F /* Keyboard */,
				17FD0E1C100943CB2E5A1608 /* Test */,
				17FD0B3FA5AE2DB923C5697E /* Observer */,
				17FD0D3172AE37DB859D5545 /* Observatory.h */,
				17FD0865B2ECB4388EC47754 /* Testing */,
			);
			path = Observatory;
			sourceTree = "<group>";
		};
		17FD09FAB36FCB8416A21EDB /* Keyboard */ = {
			isa = PBXGroup;
			children = (
				17FD04EB71CD7024929F934F /* Test.Keyboard.Key.swift */,
				17FD01507DE6860A0089FEAF /* Test.Keyboard.Hotkey.swift */,
			);
			path = Keyboard;
			sourceTree = "<group>";
		};
		17FD0A502C015FEFB24C8941 /* Event */ = {
			isa = PBXGroup;
			children = (
				17FD03560E1CD18D16062849 /* Observer.Event.swift */,
				17FD0007A26B7B85FC5190C0 /* Observer.Event.Handler.swift */,
			);
			path = Event;
			sourceTree = "<group>";
		};
		17FD0A6F774EB410DD7ED045 /* dsym */ = {
			isa = PBXGroup;
			children = (
				E609DC8C1E7BCA3200F919DD /* Nimble.framework.dSYM */,
			);
			name = dsym;
			sourceTree = "<group>";
		};
		17FD0B3FA5AE2DB923C5697E /* Observer */ = {
			isa = PBXGroup;
			children = (
				17FD0EC2D909CCE6E3BC8A9E /* Observer.swift */,
				17FD09950698908EEF7D7425 /* Notification */,
				17FD0A502C015FEFB24C8941 /* Event */,
				17FD0E8CA6D8B4653615047D /* Hotkey */,
				17FD0D539B72A4A1B5DFCEBE /* Observer.HandlerDefinition.swift */,
			);
			path = Observer;
			sourceTree = "<group>";
		};
		17FD0BB4EDB0784084E6A631 /* source */ = {
			isa = PBXGroup;
			children = (
				17FD09F540CD71F300A55FCB /* Observatory */,
				17FD075D9838C94D43A9D2A5 /* Demo */,
			);
			path = source;
			sourceTree = "<group>";
		};
		17FD0E1C100943CB2E5A1608 /* Test */ = {
			isa = PBXGroup;
			children = (
				17FD00AF91A500EDFD52854A /* Observer */,
				17FD09FAB36FCB8416A21EDB /* Keyboard */,
				17FD078E512F21A8ECE8F335 /* Test.swift */,
			);
			path = Test;
			sourceTree = "<group>";
		};
		17FD0E8CA6D8B4653615047D /* Hotkey */ = {
			isa = PBXGroup;
			children = (
				17FD0C0324E5560F5F80CA45 /* Observer.Hotkey.swift */,
				17FD0F7C4A53D96FBDB8674E /* Observer.Hotkey.Handler.swift */,
				17FD0AAFBA1EB1B42F00ABE2 /* Observer.Hotkey.Recorder.Button.swift */,
				17FD0C77FE455F60AA173A5D /* Observer.Hotkey.Center.swift */,
				17FD0D519D5AF487EBB652BE /* Observer.Hotkey.Recorder.swift */,
			);
			path = Hotkey;
			sourceTree = "<group>";
		};
		692739BC3F963DB95B757C64 /* info */ = {
			isa = PBXGroup;
			children = (
				692C0EE3AC3E3172836E1B96 /* demo.plist */,
				691492DAECCDA8F37886F020 /* framework.plist */,
				17FD049B29A650BABBC10CC6 /* test.plist */,
			);
			path = info;
			sourceTree = "<group>";
		};
		69FE70738BA9A7D2F71070B9 /* storyboard */ = {
			isa = PBXGroup;
			children = (
				E609DC891E7BC8C400F919DD /* demo.storyboard */,
			);
			path = storyboard;
			sourceTree = "<group>";
		};
		E6D764201CDDBA100071CCB0 = {
			isa = PBXGroup;
			children = (
				17FD030F7F2C5CA3191B2040 /* accessory */,
				17FD0498F691994B815B5FB3 /* dependency */,
				E6D7642B1CDDBA100071CCB0 /* product */,
				17FD0BB4EDB0784084E6A631 /* source */,
				697EDBC98FFDECF7FF264F3A /* README.md */,
				17FD0152B633954A227E8C79 /* Observatory.podspec */,
			);
			sourceTree = "<group>";
		};
		E6D7642B1CDDBA100071CCB0 /* product */ = {
			isa = PBXGroup;
			children = (
				E6D7642A1CDDBA100071CCB0 /* Observatory.framework */,
				E69200F31CDDE19100C4FEAD /* Observatory - Test.xctest */,
				087EE7921E1C1FF500093E0E /* Demo - Hotkey Recorder.app */,
			);
			name = product;
			sourceTree = "<group>";
		};
/* End PBXGroup section */

/* Begin PBXHeadersBuildPhase section */
		E6D764271CDDBA100071CCB0 /* Headers */ = {
			isa = PBXHeadersBuildPhase;
			buildActionMask = 2147483647;
			files = (
				17FD0A41F80C0E3C87DFF5C2 /* Observatory.h in Headers */,
			);
			runOnlyForDeploymentPostprocessing = 0;
		};
/* End PBXHeadersBuildPhase section */

/* Begin PBXNativeTarget section */
		087EE7911E1C1FF500093E0E /* Demo - Hotkey Recorder */ = {
			isa = PBXNativeTarget;
			buildConfigurationList = 087EE7A01E1C1FF500093E0E /* Build configuration list for PBXNativeTarget "Demo - Hotkey Recorder" */;
			buildPhases = (
				087EE78E1E1C1FF500093E0E /* Sources */,
				087EE7901E1C1FF500093E0E /* Resources */,
			);
			buildRules = (
			);
			dependencies = (
				087EE7A31E1C26EE00093E0E /* PBXTargetDependency */,
			);
			name = "Demo - Hotkey Recorder";
			productName = Hotkey;
			productReference = 087EE7921E1C1FF500093E0E /* Demo - Hotkey Recorder.app */;
			productType = "com.apple.product-type.application";
		};
		E69200F21CDDE19100C4FEAD /* Observatory - Test */ = {
			isa = PBXNativeTarget;
			buildConfigurationList = E69200FD1CDDE19200C4FEAD /* Build configuration list for PBXNativeTarget "Observatory - Test" */;
			buildPhases = (
				E69200EF1CDDE19100C4FEAD /* Sources */,
			);
			buildRules = (
			);
			dependencies = (
				E69200FA1CDDE19200C4FEAD /* PBXTargetDependency */,
			);
			name = "Observatory - Test";
			productName = Observatoryt;
			productReference = E69200F31CDDE19100C4FEAD /* Observatory - Test.xctest */;
			productType = "com.apple.product-type.bundle.unit-test";
		};
		E6D764291CDDBA100071CCB0 /* Observatory */ = {
			isa = PBXNativeTarget;
			buildConfigurationList = E6D764321CDDBA100071CCB0 /* Build configuration list for PBXNativeTarget "Observatory" */;
			buildPhases = (
				E6D764251CDDBA100071CCB0 /* Sources */,
				E6D764271CDDBA100071CCB0 /* Headers */,
			);
			buildRules = (
			);
			dependencies = (
			);
			name = Observatory;
			productName = Observatory;
			productReference = E6D7642A1CDDBA100071CCB0 /* Observatory.framework */;
			productType = "com.apple.product-type.framework";
		};
/* End PBXNativeTarget section */

/* Begin PBXProject section */
		E6D764211CDDBA100071CCB0 /* Project object */ = {
			isa = PBXProject;
			attributes = {
				LastSwiftUpdateCheck = 0730;
				LastUpgradeCheck = 0820;
				ORGANIZATIONNAME = Swifteroid;
				TargetAttributes = {
					087EE7911E1C1FF500093E0E = {
						CreatedOnToolsVersion = 7.3.1;
						LastSwiftMigration = 0820;
					};
					E69200F21CDDE19100C4FEAD = {
						CreatedOnToolsVersion = 7.3;
						LastSwiftMigration = 0820;
					};
					E6D764291CDDBA100071CCB0 = {
						CreatedOnToolsVersion = 7.3;
						LastSwiftMigration = 0820;
						ProvisioningStyle = Automatic;
					};
				};
			};
			buildConfigurationList = E6D764241CDDBA100071CCB0 /* Build configuration list for PBXProject "Observatory" */;
			compatibilityVersion = "Xcode 8.0";
			developmentRegion = English;
			hasScannedForEncodings = 0;
			knownRegions = (
				en,
				Base,
			);
			mainGroup = E6D764201CDDBA100071CCB0;
			productRefGroup = E6D7642B1CDDBA100071CCB0 /* product */;
			projectDirPath = "";
			projectRoot = "";
			targets = (
				E6D764291CDDBA100071CCB0 /* Observatory */,
				E69200F21CDDE19100C4FEAD /* Observatory - Test */,
				087EE7911E1C1FF500093E0E /* Demo - Hotkey Recorder */,
			);
		};
/* End PBXProject section */

/* Begin PBXResourcesBuildPhase section */
		087EE7901E1C1FF500093E0E /* Resources */ = {
			isa = PBXResourcesBuildPhase;
			buildActionMask = 2147483647;
			files = (
				E609DC8B1E7BC8CA00F919DD /* demo.storyboard in Resources */,
			);
			runOnlyForDeploymentPostprocessing = 0;
		};
/* End PBXResourcesBuildPhase section */

/* Begin PBXSourcesBuildPhase section */
		087EE78E1E1C1FF500093E0E /* Sources */ = {
			isa = PBXSourcesBuildPhase;
			buildActionMask = 2147483647;
			files = (
				17FD0162D167D444D8E5ED9A /* Entrypoint.swift in Sources */,
			);
			runOnlyForDeploymentPostprocessing = 0;
		};
		E69200EF1CDDE19100C4FEAD /* Sources */ = {
			isa = PBXSourcesBuildPhase;
			buildActionMask = 2147483647;
			files = (
				17FD01BE2C8AF0115AE9DF8E /* Test.Observer.Notification.swift in Sources */,
				17FD028A9B91583E857EF5EF /* Test.Observer.Event.swift in Sources */,
				17FD09D3A526167E7A8F531D /* Test.Observer.Hotkey.swift in Sources */,
				17FD088C42F60A74F1C81846 /* Test.Keyboard.Key.swift in Sources */,
				17FD0C1A4329D5233941DDE4 /* Test.Keyboard.Hotkey.swift in Sources */,
				17FD00154E7DD4027591C5D2 /* Testing.Observation.swift in Sources */,
				17FD057B880D845188EA2DC8 /* Testing.Event.swift in Sources */,
				17FD0156D1758DD5200998BE /* Test.swift in Sources */,
				17FD01726959797D8FD95CC0 /* Test.Observer.Center.swift in Sources */,
			);
			runOnlyForDeploymentPostprocessing = 0;
		};
		E6D764251CDDBA100071CCB0 /* Sources */ = {
			isa = PBXSourcesBuildPhase;
			buildActionMask = 2147483647;
			files = (
				17FD03551EEEDCD9AC72C8C1 /* Foundation.Weak.swift in Sources */,
				17FD03B3118DEE40664EFF97 /* Extension.Carbon.swift in Sources */,
				17FD0A6270752A2959E61CF9 /* Keyboard.Hotkey.swift in Sources */,
				17FD00CB84FB669705C7E473 /* Keyboard.Key.swift in Sources */,
				17FD01D475A336AA93EC9F2F /* Keyboard.Modifier.swift in Sources */,
				17FD08BD0A91FD8A01FBD698 /* Observer.swift in Sources */,
				17FD062C3246D204FE4BD93B /* Observer.Notification.swift in Sources */,
				17FD066C556A49EB63E661CC /* Observer.Notification.Handler.swift in Sources */,
				17FD0328BCF34B7BF64C7670 /* Observer.Event.swift in Sources */,
				17FD0A7B3145FFD47C972C40 /* Observer.Event.Handler.swift in Sources */,
				17FD012B602860A1D459E05A /* Observer.Hotkey.swift in Sources */,
				17FD0E596C7B56AEB4865F6A /* Observer.Hotkey.Handler.swift in Sources */,
				17FD0D9C31AB2F20A256C32E /* Observer.Hotkey.Recorder.Button.swift in Sources */,
				17FD039219FCE49AC94E432F /* Observer.Hotkey.Center.swift in Sources */,
				17FD0A09CC6EAEF2CD550FE5 /* Observer.Hotkey.Recorder.swift in Sources */,
				17FD0BCDD00D6AF24E42FBD6 /* Observer.HandlerDefinition.swift in Sources */,
			);
			runOnlyForDeploymentPostprocessing = 0;
		};
/* End PBXSourcesBuildPhase section */

/* Begin PBXTargetDependency section */
		087EE7A31E1C26EE00093E0E /* PBXTargetDependency */ = {
			isa = PBXTargetDependency;
			target = E6D764291CDDBA100071CCB0 /* Observatory */;
			targetProxy = 087EE7A21E1C26EE00093E0E /* PBXContainerItemProxy */;
		};
		E69200FA1CDDE19200C4FEAD /* PBXTargetDependency */ = {
			isa = PBXTargetDependency;
			target = E6D764291CDDBA100071CCB0 /* Observatory */;
			targetProxy = E69200F91CDDE19200C4FEAD /* PBXContainerItemProxy */;
		};
/* End PBXTargetDependency section */

/* Begin XCBuildConfiguration section */
		087EE79E1E1C1FF500093E0E /* Debug */ = {
			isa = XCBuildConfiguration;
			baseConfigurationReference = 17FD016E3AC5B7437BE4F07B /* macOS - Application.xcconfig */;
			buildSettings = {
				INFOPLIST_FILE = "$(inherited)/../demo.plist";
				LD_RUNPATH_SEARCH_PATHS = "$(inherited) $(FRAMEWORK_SEARCH_PATHS)";
				MACOSX_DEPLOYMENT_TARGET = 10.12;
			};
			name = Debug;
		};
		087EE79F1E1C1FF500093E0E /* Release */ = {
			isa = XCBuildConfiguration;
			baseConfigurationReference = 17FD016E3AC5B7437BE4F07B /* macOS - Application.xcconfig */;
			buildSettings = {
				INFOPLIST_FILE = "$(inherited)/../demo.plist";
				LD_RUNPATH_SEARCH_PATHS = "$(inherited) $(FRAMEWORK_SEARCH_PATHS)";
				MACOSX_DEPLOYMENT_TARGET = 10.12;
			};
			name = Release;
		};
		E69200FB1CDDE19200C4FEAD /* Debug */ = {
			isa = XCBuildConfiguration;
			baseConfigurationReference = 17FD08C9C8536FA561C0E4C5 /* Test.xcconfig */;
			buildSettings = {
				LD_RUNPATH_SEARCH_PATHS = "$(inherited) $(FRAMEWORK_SEARCH_PATHS)";
			};
			name = Debug;
		};
		E69200FC1CDDE19200C4FEAD /* Release */ = {
			isa = XCBuildConfiguration;
			baseConfigurationReference = 17FD08C9C8536FA561C0E4C5 /* Test.xcconfig */;
			buildSettings = {
				LD_RUNPATH_SEARCH_PATHS = "$(inherited) $(FRAMEWORK_SEARCH_PATHS)";
			};
			name = Release;
		};
		E6D764301CDDBA100071CCB0 /* Debug */ = {
			isa = XCBuildConfiguration;
			baseConfigurationReference = 17FD0ED96CA8568E523C05EA /* Base - Debug.xcconfig */;
			buildSettings = {
				FRAMEWORK_SEARCH_PATHS = "$(PROJECT_DIR)/dependency/Carthage/Build/Mac";
				MACOSX_DEPLOYMENT_TARGET = 10.10;
				PRODUCT_BUNDLE_IDENTIFIER = com.swifteroid.observatory;
				SWIFT_VERSION = 4.0;
			};
			name = Debug;
		};
		E6D764311CDDBA100071CCB0 /* Release */ = {
			isa = XCBuildConfiguration;
			baseConfigurationReference = 17FD0153D441DBE8117C8705 /* Base - Release.xcconfig */;
			buildSettings = {
				FRAMEWORK_SEARCH_PATHS = "$(PROJECT_DIR)/dependency/Carthage/Build/Mac";
				MACOSX_DEPLOYMENT_TARGET = 10.10;
				PRODUCT_BUNDLE_IDENTIFIER = com.swifteroid.observatory;
				SWIFT_VERSION = 4.0;
			};
			name = Release;
		};
		E6D764331CDDBA100071CCB0 /* Debug */ = {
			isa = XCBuildConfiguration;
			baseConfigurationReference = 17FD00D92CE5001C977C34C8 /* macOS - Framework.xcconfig */;
			buildSettings = {
			};
			name = Debug;
		};
		E6D764341CDDBA100071CCB0 /* Release */ = {
			isa = XCBuildConfiguration;
			baseConfigurationReference = 17FD00D92CE5001C977C34C8 /* macOS - Framework.xcconfig */;
			buildSettings = {
			};
			name = Release;
		};
/* End XCBuildConfiguration section */

/* Begin XCConfigurationList section */
		087EE7A01E1C1FF500093E0E /* Build configuration list for PBXNativeTarget "Demo - Hotkey Recorder" */ = {
			isa = XCConfigurationList;
			buildConfigurations = (
				087EE79E1E1C1FF500093E0E /* Debug */,
				087EE79F1E1C1FF500093E0E /* Release */,
			);
			defaultConfigurationIsVisible = 0;
			defaultConfigurationName = Release;
		};
		E69200FD1CDDE19200C4FEAD /* Build configuration list for PBXNativeTarget "Observatory - Test" */ = {
			isa = XCConfigurationList;
			buildConfigurations = (
				E69200FB1CDDE19200C4FEAD /* Debug */,
				E69200FC1CDDE19200C4FEAD /* Release */,
			);
			defaultConfigurationIsVisible = 0;
			defaultConfigurationName = Release;
		};
		E6D764241CDDBA100071CCB0 /* Build configuration list for PBXProject "Observatory" */ = {
			isa = XCConfigurationList;
			buildConfigurations = (
				E6D764301CDDBA100071CCB0 /* Debug */,
				E6D764311CDDBA100071CCB0 /* Release */,
			);
			defaultConfigurationIsVisible = 0;
			defaultConfigurationName = Release;
		};
		E6D764321CDDBA100071CCB0 /* Build configuration list for PBXNativeTarget "Observatory" */ = {
			isa = XCConfigurationList;
			buildConfigurations = (
				E6D764331CDDBA100071CCB0 /* Debug */,
				E6D764341CDDBA100071CCB0 /* Release */,
			);
			defaultConfigurationIsVisible = 0;
			defaultConfigurationName = Release;
		};
/* End XCConfigurationList section */
	};
	rootObject = E6D764211CDDBA100071CCB0 /* Project object */;
}
